// !$*UTF8*$!
{
	archiveVersion = 1;
	classes = {
	};
	objectVersion = 42;
	objects = {

/* Begin PBXBuildFile section */
		10124AD412847C3E001E712B /* NoUI_background.png in Resources */ = {isa = PBXBuildFile; fileRef = 10124ACD12847C3E001E712B /* NoUI_background.png */; };
		10124AD512847C3E001E712B /* NoUI_handle_blue.png in Resources */ = {isa = PBXBuildFile; fileRef = 10124ACE12847C3E001E712B /* NoUI_handle_blue.png */; };
		10124AD612847C3E001E712B /* NoUI_handle_green.png in Resources */ = {isa = PBXBuildFile; fileRef = 10124ACF12847C3E001E712B /* NoUI_handle_green.png */; };
		10124AD712847C3E001E712B /* NoUI_handle_red.png in Resources */ = {isa = PBXBuildFile; fileRef = 10124AD012847C3E001E712B /* NoUI_handle_red.png */; };
		10124AD812847C3E001E712B /* NoUI_handle_yellow.png in Resources */ = {isa = PBXBuildFile; fileRef = 10124AD112847C3E001E712B /* NoUI_handle_yellow.png */; };
		10124AD912847C3E001E712B /* NoUI_handle.png in Resources */ = {isa = PBXBuildFile; fileRef = 10124AD212847C3E001E712B /* NoUI_handle.png */; };
		10124ADA12847C3E001E712B /* NoUI_slider.png in Resources */ = {isa = PBXBuildFile; fileRef = 10124AD312847C3E001E712B /* NoUI_slider.png */; };
		107D05371282BBA00030F714 /* DemoGain_GUI_VST.cpp in Sources */ = {isa = PBXBuildFile; fileRef = 107D05351282BBA00030F714 /* DemoGain_GUI_VST.cpp */; };
		16A1B0D0129BEDA800280953 /* DemoGainPages.xml in Resources */ = {isa = PBXBuildFile; fileRef = 16A1B0CF129BEDA800280953 /* DemoGainPages.xml */; };
		1BDCE41C161C35D4006D2386 /* libVST.a in Frameworks */ = {isa = PBXBuildFile; fileRef = 1BDCE41B161C35D4006D2386 /* libVST.a */; };
		52580DAF1459A3B30067D189 /* DemoGain_SliderVST.cpp in Sources */ = {isa = PBXBuildFile; fileRef = 52580DAE1459A3B30067D189 /* DemoGain_SliderVST.cpp */; };
		848825BF1F8846A000B55E5C /* Cocoa.framework in Frameworks */ = {isa = PBXBuildFile; fileRef = 848825BE1F8846A000B55E5C /* Cocoa.framework */; };
		848825C11F8846A500B55E5C /* Carbon.framework in Frameworks */ = {isa = PBXBuildFile; fileRef = 848825C01F8846A500B55E5C /* Carbon.framework */; };
		848825C31F8846AB00B55E5C /* Quartz.framework in Frameworks */ = {isa = PBXBuildFile; fileRef = 848825C21F8846AB00B55E5C /* Quartz.framework */; };
		848825C51F8846B100B55E5C /* Accelerate.framework in Frameworks */ = {isa = PBXBuildFile; fileRef = 848825C41F8846B100B55E5C /* Accelerate.framework */; };
		848825C71F8846B600B55E5C /* CoreFoundation.framework in Frameworks */ = {isa = PBXBuildFile; fileRef = 848825C61F8846B600B55E5C /* CoreFoundation.framework */; };
		84A7DE021B6BCEF20032F5F5 /* DemoGain_GUIExVST_MM_TI_Example.dll in Resources */ = {isa = PBXBuildFile; fileRef = 84A7DE011B6BCEF20032F5F5 /* DemoGain_GUIExVST_MM_TI_Example.dll */; };
		F016175512DD1C8300E02539 /* AAX_CEffectGUI_VST.cpp in Sources */ = {isa = PBXBuildFile; fileRef = F016175212DD1C8300E02539 /* AAX_CEffectGUI_VST.cpp */; };
		F016175612DD1C8300E02539 /* AAX_CEffectGUI_VST.mm in Sources */ = {isa = PBXBuildFile; fileRef = F016175412DD1C8300E02539 /* AAX_CEffectGUI_VST.mm */; };
		F0770532124BB04F00FDDE77 /* DemoGain_AlgProc.cpp in Sources */ = {isa = PBXBuildFile; fileRef = F0770528124BB04F00FDDE77 /* DemoGain_AlgProc.cpp */; };
		F0770534124BB04F00FDDE77 /* DemoGain_Describe.cpp in Sources */ = {isa = PBXBuildFile; fileRef = F077052C124BB04F00FDDE77 /* DemoGain_Describe.cpp */; };
		F0770536124BB04F00FDDE77 /* DemoGain_Parameters.cpp in Sources */ = {isa = PBXBuildFile; fileRef = F0770530124BB04F00FDDE77 /* DemoGain_Parameters.cpp */; };
		F0ADB7A812DCDB280013F7DB /* AAX_Exports.cpp in Sources */ = {isa = PBXBuildFile; fileRef = F0ADB7A712DCDB280013F7DB /* AAX_Exports.cpp */; };
		F0ADB7AA12DCDB370013F7DB /* libAAXLibrary_libcpp.a in Frameworks */ = {isa = PBXBuildFile; fileRef = F0ADB7A912DCDB370013F7DB /* libAAXLibrary_libcpp.a */; };
/* End PBXBuildFile section */

/* Begin PBXFileReference section */
		10124ACD12847C3E001E712B /* NoUI_background.png */ = {isa = PBXFileReference; lastKnownFileType = image.png; name = NoUI_background.png; path = ../../Source/GUI/Resources/NoUI_background.png; sourceTree = SOURCE_ROOT; };
		10124ACE12847C3E001E712B /* NoUI_handle_blue.png */ = {isa = PBXFileReference; lastKnownFileType = image.png; name = NoUI_handle_blue.png; path = ../../Source/GUI/Resources/NoUI_handle_blue.png; sourceTree = SOURCE_ROOT; };
		10124ACF12847C3E001E712B /* NoUI_handle_green.png */ = {isa = PBXFileReference; lastKnownFileType = image.png; name = NoUI_handle_green.png; path = ../../Source/GUI/Resources/NoUI_handle_green.png; sourceTree = SOURCE_ROOT; };
		10124AD012847C3E001E712B /* NoUI_handle_red.png */ = {isa = PBXFileReference; lastKnownFileType = image.png; name = NoUI_handle_red.png; path = ../../Source/GUI/Resources/NoUI_handle_red.png; sourceTree = SOURCE_ROOT; };
		10124AD112847C3E001E712B /* NoUI_handle_yellow.png */ = {isa = PBXFileReference; lastKnownFileType = image.png; name = NoUI_handle_yellow.png; path = ../../Source/GUI/Resources/NoUI_handle_yellow.png; sourceTree = SOURCE_ROOT; };
		10124AD212847C3E001E712B /* NoUI_handle.png */ = {isa = PBXFileReference; lastKnownFileType = image.png; name = NoUI_handle.png; path = ../../Source/GUI/Resources/NoUI_handle.png; sourceTree = SOURCE_ROOT; };
		10124AD312847C3E001E712B /* NoUI_slider.png */ = {isa = PBXFileReference; lastKnownFileType = image.png; name = NoUI_slider.png; path = ../../Source/GUI/Resources/NoUI_slider.png; sourceTree = SOURCE_ROOT; };
		107D05351282BBA00030F714 /* DemoGain_GUI_VST.cpp */ = {isa = PBXFileReference; fileEncoding = 4; lastKnownFileType = sourcecode.cpp.cpp; name = DemoGain_GUI_VST.cpp; path = ../../Source/GUI/DemoGain_GUI_VST.cpp; sourceTree = SOURCE_ROOT; };
		107D05361282BBA00030F714 /* DemoGain_GUI_VST.h */ = {isa = PBXFileReference; fileEncoding = 4; lastKnownFileType = sourcecode.c.h; name = DemoGain_GUI_VST.h; path = ../../Source/GUI/DemoGain_GUI_VST.h; sourceTree = SOURCE_ROOT; };
		16A1B0CF129BEDA800280953 /* DemoGainPages.xml */ = {isa = PBXFileReference; fileEncoding = 4; lastKnownFileType = text.xml; name = DemoGainPages.xml; path = ../../Source/DemoGainPages.xml; sourceTree = SOURCE_ROOT; };
		1BDCE41B161C35D4006D2386 /* libVST.a */ = {isa = PBXFileReference; lastKnownFileType = archive.ar; name = libVST.a; path = ../../../../Libs/Debug/libVST.a; sourceTree = "<group>"; };
		52580DAD1459A3B30067D189 /* DemoGain_SliderVST.h */ = {isa = PBXFileReference; fileEncoding = 4; lastKnownFileType = sourcecode.c.h; name = DemoGain_SliderVST.h; path = ../../Source/GUI/DemoGain_SliderVST.h; sourceTree = SOURCE_ROOT; };
		52580DAE1459A3B30067D189 /* DemoGain_SliderVST.cpp */ = {isa = PBXFileReference; fileEncoding = 4; lastKnownFileType = sourcecode.cpp.cpp; name = DemoGain_SliderVST.cpp; path = ../../Source/GUI/DemoGain_SliderVST.cpp; sourceTree = SOURCE_ROOT; };
		5B0F5C8E08999681003B44AA /* Info-DemoGain_VSTGUI.plist */ = {isa = PBXFileReference; fileEncoding = 30; lastKnownFileType = text.plist.xml; path = "Info-DemoGain_VSTGUI.plist"; sourceTree = "<group>"; };
		5B521CB8088F2ED8009C75FE /* CommonDebugSettings.xcconfig */ = {isa = PBXFileReference; fileEncoding = 30; lastKnownFileType = text.xcconfig; name = CommonDebugSettings.xcconfig; path = ../../../Common/Mac/CommonDebugSettings.xcconfig; sourceTree = SOURCE_ROOT; };
		5B521CB9088F2ED8009C75FE /* CommonReleaseSettings.xcconfig */ = {isa = PBXFileReference; fileEncoding = 30; lastKnownFileType = text.xcconfig; name = CommonReleaseSettings.xcconfig; path = ../../../Common/Mac/CommonReleaseSettings.xcconfig; sourceTree = SOURCE_ROOT; };
		848825BE1F8846A000B55E5C /* Cocoa.framework */ = {isa = PBXFileReference; lastKnownFileType = wrapper.framework; name = Cocoa.framework; path = Platforms/MacOSX.platform/Developer/SDKs/MacOSX10.11.sdk/System/Library/Frameworks/Cocoa.framework; sourceTree = SYSTEM_DEVELOPER_DIR; };
		848825C01F8846A500B55E5C /* Carbon.framework */ = {isa = PBXFileReference; lastKnownFileType = wrapper.framework; name = Carbon.framework; path = Platforms/MacOSX.platform/Developer/SDKs/MacOSX10.11.sdk/System/Library/Frameworks/Carbon.framework; sourceTree = SYSTEM_DEVELOPER_DIR; };
		848825C21F8846AB00B55E5C /* Quartz.framework */ = {isa = PBXFileReference; lastKnownFileType = wrapper.framework; name = Quartz.framework; path = Platforms/MacOSX.platform/Developer/SDKs/MacOSX10.11.sdk/System/Library/Frameworks/Quartz.framework; sourceTree = SYSTEM_DEVELOPER_DIR; };
		848825C41F8846B100B55E5C /* Accelerate.framework */ = {isa = PBXFileReference; lastKnownFileType = wrapper.framework; name = Accelerate.framework; path = Platforms/MacOSX.platform/Developer/SDKs/MacOSX10.11.sdk/System/Library/Frameworks/Accelerate.framework; sourceTree = SYSTEM_DEVELOPER_DIR; };
		848825C61F8846B600B55E5C /* CoreFoundation.framework */ = {isa = PBXFileReference; lastKnownFileType = wrapper.framework; name = CoreFoundation.framework; path = Platforms/MacOSX.platform/Developer/SDKs/MacOSX10.11.sdk/System/Library/Frameworks/CoreFoundation.framework; sourceTree = SYSTEM_DEVELOPER_DIR; };
		84A7DE011B6BCEF20032F5F5 /* DemoGain_GUIExVST_MM_TI_Example.dll */ = {isa = PBXFileReference; lastKnownFileType = file; name = DemoGain_GUIExVST_MM_TI_Example.dll; path = ../../TI/bin/Release/DemoGain_GUIExVST_MM_TI_Example.dll; sourceTree = "<group>"; };
		8D01CCD20486CAD60068D4B7 /* DemoGain_VST_example.aaxplugin */ = {isa = PBXFileReference; explicitFileType = wrapper.cfbundle; includeInIndex = 0; path = DemoGain_VST_example.aaxplugin; sourceTree = BUILT_PRODUCTS_DIR; };
		F016175212DD1C8300E02539 /* AAX_CEffectGUI_VST.cpp */ = {isa = PBXFileReference; fileEncoding = 4; lastKnownFileType = sourcecode.cpp.cpp; name = AAX_CEffectGUI_VST.cpp; path = ../../../../Extensions/GUI/AAX_CEffectGUI_VST.cpp; sourceTree = SOURCE_ROOT; };
		F016175312DD1C8300E02539 /* AAX_CEffectGUI_VST.h */ = {isa = PBXFileReference; fileEncoding = 4; lastKnownFileType = sourcecode.c.h; name = AAX_CEffectGUI_VST.h; path = ../../../../Extensions/GUI/AAX_CEffectGUI_VST.h; sourceTree = SOURCE_ROOT; };
		F016175412DD1C8300E02539 /* AAX_CEffectGUI_VST.mm */ = {isa = PBXFileReference; fileEncoding = 4; lastKnownFileType = sourcecode.cpp.objcpp; name = AAX_CEffectGUI_VST.mm; path = ../../../../Extensions/GUI/AAX_CEffectGUI_VST.mm; sourceTree = SOURCE_ROOT; };
		F0770527124BB04F00FDDE77 /* DemoGain_Alg.h */ = {isa = PBXFileReference; fileEncoding = 4; lastKnownFileType = sourcecode.c.h; name = DemoGain_Alg.h; path = ../../Source/DemoGain_Alg.h; sourceTree = SOURCE_ROOT; };
		F0770528124BB04F00FDDE77 /* DemoGain_AlgProc.cpp */ = {isa = PBXFileReference; fileEncoding = 4; lastKnownFileType = sourcecode.cpp.cpp; name = DemoGain_AlgProc.cpp; path = ../../Source/DemoGain_AlgProc.cpp; sourceTree = SOURCE_ROOT; };
		F077052B124BB04F00FDDE77 /* DemoGain_Defs.h */ = {isa = PBXFileReference; fileEncoding = 4; lastKnownFileType = sourcecode.c.h; name = DemoGain_Defs.h; path = ../../Source/DemoGain_Defs.h; sourceTree = SOURCE_ROOT; };
		F077052C124BB04F00FDDE77 /* DemoGain_Describe.cpp */ = {isa = PBXFileReference; fileEncoding = 4; lastKnownFileType = sourcecode.cpp.cpp; name = DemoGain_Describe.cpp; path = ../../Source/DemoGain_Describe.cpp; sourceTree = SOURCE_ROOT; };
		F077052D124BB04F00FDDE77 /* DemoGain_Describe.h */ = {isa = PBXFileReference; fileEncoding = 4; lastKnownFileType = sourcecode.c.h; name = DemoGain_Describe.h; path = ../../Source/DemoGain_Describe.h; sourceTree = SOURCE_ROOT; };
		F0770530124BB04F00FDDE77 /* DemoGain_Parameters.cpp */ = {isa = PBXFileReference; fileEncoding = 4; lastKnownFileType = sourcecode.cpp.cpp; name = DemoGain_Parameters.cpp; path = ../../Source/DemoGain_Parameters.cpp; sourceTree = SOURCE_ROOT; };
		F0770531124BB04F00FDDE77 /* DemoGain_Parameters.h */ = {isa = PBXFileReference; fileEncoding = 4; lastKnownFileType = sourcecode.c.h; name = DemoGain_Parameters.h; path = ../../Source/DemoGain_Parameters.h; sourceTree = SOURCE_ROOT; };
		F0ADB7A712DCDB280013F7DB /* AAX_Exports.cpp */ = {isa = PBXFileReference; fileEncoding = 4; lastKnownFileType = sourcecode.cpp.cpp; name = AAX_Exports.cpp; path = ../../../../Interfaces/AAX_Exports.cpp; sourceTree = SOURCE_ROOT; };
		F0ADB7A912DCDB370013F7DB /* libAAXLibrary_libcpp.a */ = {isa = PBXFileReference; lastKnownFileType = archive.ar; name = libAAXLibrary_libcpp.a; path = ../../../../Libs/Debug/libAAXLibrary_libcpp.a; sourceTree = SOURCE_ROOT; };
/* End PBXFileReference section */

/* Begin PBXFrameworksBuildPhase section */
		8D01CCCD0486CAD60068D4B7 /* Frameworks */ = {
			isa = PBXFrameworksBuildPhase;
			buildActionMask = 2147483647;
			files = (
				848825C71F8846B600B55E5C /* CoreFoundation.framework in Frameworks */,
				848825C51F8846B100B55E5C /* Accelerate.framework in Frameworks */,
				848825C31F8846AB00B55E5C /* Quartz.framework in Frameworks */,
				848825C11F8846A500B55E5C /* Carbon.framework in Frameworks */,
				848825BF1F8846A000B55E5C /* Cocoa.framework in Frameworks */,
				F0ADB7AA12DCDB370013F7DB /* libAAXLibrary_libcpp.a in Frameworks */,
				1BDCE41C161C35D4006D2386 /* libVST.a in Frameworks */,
			);
			runOnlyForDeploymentPostprocessing = 0;
		};
/* End PBXFrameworksBuildPhase section */

/* Begin PBXGroup section */
		089C166AFE841209C02AAC07 /* ProjectTemplate */ = {
			isa = PBXGroup;
			children = (
				5B521CB8088F2ED8009C75FE /* CommonDebugSettings.xcconfig */,
				5B521CB9088F2ED8009C75FE /* CommonReleaseSettings.xcconfig */,
				08FB77ADFE841716C02AAC07 /* Source */,
				089C167CFE841241C02AAC07 /* Resources */,
				5B521CE608916CD1009C75FE /* Avid Libraries */,
				19C28FB4FE9D528D11CA2CBB /* Products */,
				848825BB1F88466D00B55E5C /* Frameworks */,
			);
			name = ProjectTemplate;
			sourceTree = "<group>";
		};
		089C167CFE841241C02AAC07 /* Resources */ = {
			isa = PBXGroup;
			children = (
				5B0F5C8E08999681003B44AA /* Info-DemoGain_VSTGUI.plist */,
				16A1B0CF129BEDA800280953 /* DemoGainPages.xml */,
				10124ACD12847C3E001E712B /* NoUI_background.png */,
				10124ACE12847C3E001E712B /* NoUI_handle_blue.png */,
				10124ACF12847C3E001E712B /* NoUI_handle_green.png */,
				10124AD012847C3E001E712B /* NoUI_handle_red.png */,
				10124AD112847C3E001E712B /* NoUI_handle_yellow.png */,
				10124AD212847C3E001E712B /* NoUI_handle.png */,
				10124AD312847C3E001E712B /* NoUI_slider.png */,
				84A7DE011B6BCEF20032F5F5 /* DemoGain_GUIExVST_MM_TI_Example.dll */,
			);
			name = Resources;
			sourceTree = "<group>";
		};
		08FB77ADFE841716C02AAC07 /* Source */ = {
			isa = PBXGroup;
			children = (
				F0770527124BB04F00FDDE77 /* DemoGain_Alg.h */,
				F0770528124BB04F00FDDE77 /* DemoGain_AlgProc.cpp */,
				F077052B124BB04F00FDDE77 /* DemoGain_Defs.h */,
				F077052C124BB04F00FDDE77 /* DemoGain_Describe.cpp */,
				F077052D124BB04F00FDDE77 /* DemoGain_Describe.h */,
				F0770530124BB04F00FDDE77 /* DemoGain_Parameters.cpp */,
				F0770531124BB04F00FDDE77 /* DemoGain_Parameters.h */,
				F09863F6124CED2600B09B9D /* GUI */,
			);
			name = Source;
			sourceTree = "<group>";
		};
		19C28FB4FE9D528D11CA2CBB /* Products */ = {
			isa = PBXGroup;
			children = (
				8D01CCD20486CAD60068D4B7 /* DemoGain_VST_example.aaxplugin */,
			);
			name = Products;
			sourceTree = "<group>";
		};
		5B521CE608916CD1009C75FE /* Avid Libraries */ = {
			isa = PBXGroup;
			children = (
				F0ADB7A712DCDB280013F7DB /* AAX_Exports.cpp */,
				1BDCE41B161C35D4006D2386 /* libVST.a */,
				F0ADB7A912DCDB370013F7DB /* libAAXLibrary_libcpp.a */,
			);
			name = "Avid Libraries";
			sourceTree = "<group>";
		};
		848825BB1F88466D00B55E5C /* Frameworks */ = {
			isa = PBXGroup;
			children = (
				848825C61F8846B600B55E5C /* CoreFoundation.framework */,
				848825C41F8846B100B55E5C /* Accelerate.framework */,
				848825C21F8846AB00B55E5C /* Quartz.framework */,
				848825C01F8846A500B55E5C /* Carbon.framework */,
				848825BE1F8846A000B55E5C /* Cocoa.framework */,
			);
			name = Frameworks;
			sourceTree = "<group>";
		};
		F016174012DD1C4300E02539 /* AAX */ = {
			isa = PBXGroup;
			children = (
				F016175212DD1C8300E02539 /* AAX_CEffectGUI_VST.cpp */,
				F016175312DD1C8300E02539 /* AAX_CEffectGUI_VST.h */,
				F016175412DD1C8300E02539 /* AAX_CEffectGUI_VST.mm */,
			);
			name = AAX;
			sourceTree = "<group>";
		};
		F09863F6124CED2600B09B9D /* GUI */ = {
			isa = PBXGroup;
			children = (
				F016174012DD1C4300E02539 /* AAX */,
				107D05361282BBA00030F714 /* DemoGain_GUI_VST.h */,
				107D05351282BBA00030F714 /* DemoGain_GUI_VST.cpp */,
				52580DAD1459A3B30067D189 /* DemoGain_SliderVST.h */,
				52580DAE1459A3B30067D189 /* DemoGain_SliderVST.cpp */,
			);
			name = GUI;
			sourceTree = "<group>";
		};
/* End PBXGroup section */

/* Begin PBXNativeTarget section */
		8D01CCC60486CAD60068D4B7 /* DemoGain_example */ = {
			isa = PBXNativeTarget;
			buildConfigurationList = 5B521C99088F2389009C75FE /* Build configuration list for PBXNativeTarget "DemoGain_example" */;
			buildPhases = (
				8D01CCCB0486CAD60068D4B7 /* Sources */,
				8D01CCCD0486CAD60068D4B7 /* Frameworks */,
				66A328E611E7F360007E297C /* Resources */,
			);
			buildRules = (
			);
			dependencies = (
			);
			name = DemoGain_example;
			productInstallPath = "$(HOME)/Library/Bundles";
			productName = ProjectTemplate;
			productReference = 8D01CCD20486CAD60068D4B7 /* DemoGain_VST_example.aaxplugin */;
			productType = "com.apple.product-type.bundle";
		};
/* End PBXNativeTarget section */

/* Begin PBXProject section */
		089C1669FE841209C02AAC07 /* Project object */ = {
			isa = PBXProject;
			attributes = {
				LastUpgradeCheck = 1250;
			};
			buildConfigurationList = 5B521C9D088F2389009C75FE /* Build configuration list for PBXProject "DemoGain_VST" */;
			compatibilityVersion = "Xcode 2.4";
			developmentRegion = en;
			hasScannedForEncodings = 1;
			knownRegions = (
				fr,
				de,
				ja,
				Base,
				en,
			);
			mainGroup = 089C166AFE841209C02AAC07 /* ProjectTemplate */;
			projectDirPath = "";
			projectRoot = ..;
			targets = (
				8D01CCC60486CAD60068D4B7 /* DemoGain_example */,
			);
		};
/* End PBXProject section */

/* Begin PBXResourcesBuildPhase section */
		66A328E611E7F360007E297C /* Resources */ = {
			isa = PBXResourcesBuildPhase;
			buildActionMask = 2147483647;
			files = (
				10124AD412847C3E001E712B /* NoUI_background.png in Resources */,
				10124AD512847C3E001E712B /* NoUI_handle_blue.png in Resources */,
				10124AD612847C3E001E712B /* NoUI_handle_green.png in Resources */,
				10124AD712847C3E001E712B /* NoUI_handle_red.png in Resources */,
				10124AD812847C3E001E712B /* NoUI_handle_yellow.png in Resources */,
				84A7DE021B6BCEF20032F5F5 /* DemoGain_GUIExVST_MM_TI_Example.dll in Resources */,
				10124AD912847C3E001E712B /* NoUI_handle.png in Resources */,
				10124ADA12847C3E001E712B /* NoUI_slider.png in Resources */,
				16A1B0D0129BEDA800280953 /* DemoGainPages.xml in Resources */,
			);
			runOnlyForDeploymentPostprocessing = 0;
		};
/* End PBXResourcesBuildPhase section */

/* Begin PBXSourcesBuildPhase section */
		8D01CCCB0486CAD60068D4B7 /* Sources */ = {
			isa = PBXSourcesBuildPhase;
			buildActionMask = 2147483647;
			files = (
				F0770532124BB04F00FDDE77 /* DemoGain_AlgProc.cpp in Sources */,
				F0770534124BB04F00FDDE77 /* DemoGain_Describe.cpp in Sources */,
				F0770536124BB04F00FDDE77 /* DemoGain_Parameters.cpp in Sources */,
				107D05371282BBA00030F714 /* DemoGain_GUI_VST.cpp in Sources */,
				F0ADB7A812DCDB280013F7DB /* AAX_Exports.cpp in Sources */,
				F016175512DD1C8300E02539 /* AAX_CEffectGUI_VST.cpp in Sources */,
				F016175612DD1C8300E02539 /* AAX_CEffectGUI_VST.mm in Sources */,
				52580DAF1459A3B30067D189 /* DemoGain_SliderVST.cpp in Sources */,
			);
			runOnlyForDeploymentPostprocessing = 0;
		};
/* End PBXSourcesBuildPhase section */

/* Begin XCBuildConfiguration section */
		C3BD9E2E097C3182001EB161 /* Debug */ = {
			isa = XCBuildConfiguration;
			baseConfigurationReference = 5B521CB8088F2ED8009C75FE /* CommonDebugSettings.xcconfig */;
			buildSettings = {
				CLANG_ENABLE_OBJC_WEAK = YES;
				COPY_PHASE_STRIP = YES;
				FRAMEWORK_SEARCH_PATHS = (
					"$(inherited)",
					"$(FRAMEWORK_SEARCH_PATHS_QUOTED_FOR_TARGET_1)",
				);
				FRAMEWORK_SEARCH_PATHS_QUOTED_FOR_TARGET_1 = "";
				GCC_PREPROCESSOR_DEFINITIONS = (
					"$(inherited)",
					"DEBUG=1",
					"PLUGGUI=3",
					"VSTGUI_ENABLE_DEPRECATED_METHODS=1",
				);
				HEADER_SEARCH_PATHS = (
					"$(inherited)",
					"$(VSTGUI_SOURCE_DIR)/**",
				);
				INFOPLIST_FILE = "Info-DemoGain_VSTGUI.plist";
				LIBRARY_SEARCH_PATHS = (
					"$(inherited)",
					"$(LIBRARY_SEARCH_PATHS_QUOTED_FOR_TARGET_1)",
					"$(LIBRARY_SEARCH_PATHS_QUOTED_FOR_TARGET_2)",
				);
				LIBRARY_SEARCH_PATHS_QUOTED_FOR_TARGET_1 = "\"$(SRCROOT)/../../../../Extensions/GUI/MacBuild/build/VST.build/Debug/VST.build/Objects-normal/x86_64\"";
				LIBRARY_SEARCH_PATHS_QUOTED_FOR_TARGET_2 = "\"$(SRCROOT)/../../../../Libs/Debug\"";
				OTHER_LDFLAGS = "";
				PRESERVE_DEAD_CODE_INITS_AND_TERMS = NO;
				PRODUCT_BUNDLE_IDENTIFIER = com.avid.aax-sdk-example.DemoGain-VST;
				PRODUCT_NAME = DemoGain_VST_example;
				SEPARATE_STRIP = NO;
				SKIP_INSTALL = NO;
				STRIP_INSTALLED_PRODUCT = NO;
				SYMROOT = build;
				VSTGUI_SOURCE_DIR = "${SRCROOT}/../../../../../external/Steinberg/vstgui_4_3_rc1";
			};
			name = Debug;
		};
		C3BD9E2F097C3182001EB161 /* Release */ = {
			isa = XCBuildConfiguration;
			baseConfigurationReference = 5B521CB9088F2ED8009C75FE /* CommonReleaseSettings.xcconfig */;
			buildSettings = {
				CLANG_ENABLE_OBJC_WEAK = YES;
				COPY_PHASE_STRIP = YES;
				FRAMEWORK_SEARCH_PATHS = (
					"$(inherited)",
					"$(FRAMEWORK_SEARCH_PATHS_QUOTED_FOR_TARGET_1)",
				);
				FRAMEWORK_SEARCH_PATHS_QUOTED_FOR_TARGET_1 = "";
				GCC_PREPROCESSOR_DEFINITIONS = (
					"$(inherited)",
					"PLUGGUI=3",
					"NDEBUG=1",
					"VSTGUI_ENABLE_DEPRECATED_METHODS=1",
				);
				HEADER_SEARCH_PATHS = (
					"$(inherited)",
					"$(VSTGUI_SOURCE_DIR)/**",
				);
				INFOPLIST_FILE = "Info-DemoGain_VSTGUI.plist";
				LIBRARY_SEARCH_PATHS = (
					"$(inherited)",
					"$(LIBRARY_SEARCH_PATHS_QUOTED_FOR_TARGET_1)",
					"$(LIBRARY_SEARCH_PATHS_QUOTED_FOR_TARGET_2)",
				);
				LIBRARY_SEARCH_PATHS_QUOTED_FOR_TARGET_1 = "\"$(SRCROOT)/../../../../Extensions/GUI/MacBuild/build/VST.build/Debug/VST.build/Objects-normal/x86_64\"";
				LIBRARY_SEARCH_PATHS_QUOTED_FOR_TARGET_2 = "\"$(SRCROOT)/../../../../Libs/Debug\"";
				OTHER_LDFLAGS = (
					"-Xlinker",
					"$(OTHER_LDFLAGS_QUOTED_FOR_TARGET_1)",
					"-Xlinker",
					1500,
				);
				OTHER_LDFLAGS_QUOTED_FOR_TARGET_1 = "\"-headerpad\"";
				PRESERVE_DEAD_CODE_INITS_AND_TERMS = NO;
				PRODUCT_BUNDLE_IDENTIFIER = com.avid.aax-sdk-example.DemoGain-VST;
				PRODUCT_NAME = DemoGain_VST_example;
				SEPARATE_STRIP = NO;
				SKIP_INSTALL = NO;
				STRIP_INSTALLED_PRODUCT = NO;
				SYMROOT = build;
				VSTGUI_SOURCE_DIR = "${SRCROOT}/../../../../../external/Steinberg/vstgui_4_3_rc1";
			};
			name = Release;
		};
		C3BD9E30097C3182001EB161 /* Debug */ = {
			isa = XCBuildConfiguration;
			buildSettings = {
				CLANG_ANALYZER_LOCALIZABILITY_NONLOCALIZED = YES;
				CLANG_CXX_LANGUAGE_STANDARD = "c++0x";
				CLANG_CXX_LIBRARY = "libc++";
				CLANG_WARN_BLOCK_CAPTURE_AUTORELEASING = YES;
				CLANG_WARN_BOOL_CONVERSION = YES;
				CLANG_WARN_COMMA = YES;
				CLANG_WARN_CONSTANT_CONVERSION = YES;
				CLANG_WARN_DEPRECATED_OBJC_IMPLEMENTATIONS = YES;
				CLANG_WARN_EMPTY_BODY = YES;
				CLANG_WARN_ENUM_CONVERSION = YES;
				CLANG_WARN_INFINITE_RECURSION = YES;
				CLANG_WARN_INT_CONVERSION = YES;
				CLANG_WARN_NON_LITERAL_NULL_CONVERSION = YES;
				CLANG_WARN_OBJC_IMPLICIT_RETAIN_SELF = YES;
				CLANG_WARN_OBJC_LITERAL_CONVERSION = YES;
				CLANG_WARN_QUOTED_INCLUDE_IN_FRAMEWORK_HEADER = YES;
				CLANG_WARN_RANGE_LOOP_ANALYSIS = YES;
				CLANG_WARN_STRICT_PROTOTYPES = YES;
				CLANG_WARN_SUSPICIOUS_MOVE = YES;
				CLANG_WARN_UNREACHABLE_CODE = YES;
				CLANG_WARN__DUPLICATE_METHOD_MATCH = YES;
				ENABLE_STRICT_OBJC_MSGSEND = YES;
				ENABLE_TESTABILITY = YES;
				GCC_C_LANGUAGE_STANDARD = gnu99;
				GCC_NO_COMMON_BLOCKS = YES;
				GCC_WARN_64_TO_32_BIT_CONVERSION = YES;
				GCC_WARN_ABOUT_RETURN_TYPE = YES;
				GCC_WARN_UNDECLARED_SELECTOR = YES;
				GCC_WARN_UNINITIALIZED_AUTOS = YES;
				GCC_WARN_UNUSED_FUNCTION = YES;
				GCC_WARN_UNUSED_VARIABLE = YES;
				MACOSX_DEPLOYMENT_TARGET = 10.8;
				ONLY_ACTIVE_ARCH = YES;
			};
			name = Debug;
		};
		C3BD9E31097C3182001EB161 /* Release */ = {
			isa = XCBuildConfiguration;
			buildSettings = {
				CLANG_ANALYZER_LOCALIZABILITY_NONLOCALIZED = YES;
				CLANG_CXX_LANGUAGE_STANDARD = "c++0x";
				CLANG_CXX_LIBRARY = "libc++";
				CLANG_WARN_BLOCK_CAPTURE_AUTORELEASING = YES;
				CLANG_WARN_BOOL_CONVERSION = YES;
				CLANG_WARN_COMMA = YES;
				CLANG_WARN_CONSTANT_CONVERSION = YES;
				CLANG_WARN_DEPRECATED_OBJC_IMPLEMENTATIONS = YES;
				CLANG_WARN_EMPTY_BODY = YES;
				CLANG_WARN_ENUM_CONVERSION = YES;
				CLANG_WARN_INFINITE_RECURSION = YES;
				CLANG_WARN_INT_CONVERSION = YES;
				CLANG_WARN_NON_LITERAL_NULL_CONVERSION = YES;
				CLANG_WARN_OBJC_IMPLICIT_RETAIN_SELF = YES;
				CLANG_WARN_OBJC_LITERAL_CONVERSION = YES;
				CLANG_WARN_QUOTED_INCLUDE_IN_FRAMEWORK_HEADER = YES;
				CLANG_WARN_RANGE_LOOP_ANALYSIS = YES;
				CLANG_WARN_STRICT_PROTOTYPES = YES;
				CLANG_WARN_SUSPICIOUS_MOVE = YES;
				CLANG_WARN_UNREACHABLE_CODE = YES;
				CLANG_WARN__DUPLICATE_METHOD_MATCH = YES;
				ENABLE_STRICT_OBJC_MSGSEND = YES;
				GCC_C_LANGUAGE_STANDARD = gnu99;
				GCC_NO_COMMON_BLOCKS = YES;
				GCC_WARN_64_TO_32_BIT_CONVERSION = YES;
				GCC_WARN_ABOUT_RETURN_TYPE = YES;
				GCC_WARN_UNDECLARED_SELECTOR = YES;
				GCC_WARN_UNINITIALIZED_AUTOS = YES;
				GCC_WARN_UNUSED_FUNCTION = YES;
				GCC_WARN_UNUSED_VARIABLE = YES;
				MACOSX_DEPLOYMENT_TARGET = 10.8;
				ONLY_ACTIVE_ARCH = YES;
			};
			name = Release;
		};
/* End XCBuildConfiguration section */

/* Begin XCConfigurationList section */
		5B521C99088F2389009C75FE /* Build configuration list for PBXNativeTarget "DemoGain_example" */ = {
			isa = XCConfigurationList;
			buildConfigurations = (
				C3BD9E2E097C3182001EB161 /* Debug */,
				C3BD9E2F097C3182001EB161 /* Release */,
			);
			defaultConfigurationIsVisible = 0;
			defaultConfigurationName = Debug;
		};
		5B521C9D088F2389009C75FE /* Build configuration list for PBXProject "DemoGain_VST" */ = {
			isa = XCConfigurationList;
			buildConfigurations = (
				C3BD9E30097C3182001EB161 /* Debug */,
				C3BD9E31097C3182001EB161 /* Release */,
			);
			defaultConfigurationIsVisible = 0;
			defaultConfigurationName = Debug;
		};
/* End XCConfigurationList section */
	};
	rootObject = 089C1669FE841209C02AAC07 /* Project object */;
}
