
Microsoft Visual Studio Solution File, Format Version 12.00
# Visual Studio 2017
VisualStudioVersion = 15.0.28307.1433
MinimumVisualStudioVersion = 10.0.40219.1
Project("{2150E333-8FDC-42A3-9474-1A3956D46DE8}") = "AAX Library", "AAX Library", "{31F46311-DEA2-4BDB-9E79-469608A7FD44}"
EndProject
Project("{2150E333-8FDC-42A3-9474-1A3956D46DE8}") = "Example Plug-Ins", "Example Plug-Ins", "{BB166848-4BF6-4D58-A9A1-B4457482FAFC}"
EndProject
Project("{2150E333-8FDC-42A3-9474-1A3956D46DE8}") = "GUI Extensions", "GUI Extensions", "{397B02F7-7A0F-4B38-8902-73C35F789731}"
EndProject
Project("{2150E333-8FDC-42A3-9474-1A3956D46DE8}") = "Win32", "Win32", "{23161FBE-9B6A-460F-B1F4-F85D42F12F79}"
EndProject
Project("{2150E333-8FDC-42A3-9474-1A3956D46DE8}") = "JUCE", "JUCE", "{1AA3F3DD-3C53-4F36-9460-C9B8CC2FF1BF}"
EndProject
Project("{2150E333-8FDC-42A3-9474-1A3956D46DE8}") = "VSTGUI", "VSTGUI", "{C4B6657E-7F55-46DA-941F-DAF4AB990C3D}"
EndProject
Project("{8BC9CEB8-8B4A-11D0-8D11-00A0C91BC942}") = "AAXLibrary", "..\Libs\AAXLibrary\WinBuild\vs2017\AAXLibrary.vcxproj", "{D2CE28FF-63B8-48BC-936D-33F365B4053F}"
EndProject
Project("{8BC9CEB8-8B4A-11D0-8D11-00A0C91BC942}") = "DemoDelay_example", "..\ExamplePlugIns\DemoDelay\WinBuild\vs2017\DemoDelay.vcxproj", "{10890681-E876-4276-8A11-1B4BBD945846}"
	ProjectSection(ProjectDependencies) = postProject
		{D2CE28FF-63B8-48BC-936D-33F365B4053F} = {D2CE28FF-63B8-48BC-936D-33F365B4053F}
	EndProjectSection
EndProject
Project("{8BC9CEB8-8B4A-11D0-8D11-00A0C91BC942}") = "DemoDelay_DynComp_example", "..\ExamplePlugIns\DemoDelay_DynamicLatencyComp\WinBuild\vs2017\DemoDelay_DynComp.vcxproj", "{442CFCFD-4A85-43E9-9A31-FA527AA06245}"
	ProjectSection(ProjectDependencies) = postProject
		{D2CE28FF-63B8-48BC-936D-33F365B4053F} = {D2CE28FF-63B8-48BC-936D-33F365B4053F}
	EndProjectSection
EndProject
Project("{8BC9CEB8-8B4A-11D0-8D11-00A0C91BC942}") = "DemoDelay_HostProc_example", "..\ExamplePlugIns\DemoDelay_HostProcessor\WinBuild\vs2017\DemoDelay_HostProc.vcxproj", "{985E18BF-F5CC-4A48-B413-6A8889E81A0C}"
	ProjectSection(ProjectDependencies) = postProject
		{D2CE28FF-63B8-48BC-936D-33F365B4053F} = {D2CE28FF-63B8-48BC-936D-33F365B4053F}
	EndProjectSection
EndProject
Project("{8BC9CEB8-8B4A-11D0-8D11-00A0C91BC942}") = "DemoDelay_Hybrid_example", "..\ExamplePlugIns\DemoDelay_Hybrid\WinBuild\vs2017\DemoDelay_Hybrid.vcxproj", "{3CDE3FD1-03A3-462E-B732-6E600B7310E8}"
	ProjectSection(ProjectDependencies) = postProject
		{D2CE28FF-63B8-48BC-936D-33F365B4053F} = {D2CE28FF-63B8-48BC-936D-33F365B4053F}
	EndProjectSection
EndProject
Project("{8BC9CEB8-8B4A-11D0-8D11-00A0C91BC942}") = "DemoDist_example", "..\ExamplePlugIns\DemoDist\WinBuild\vs2017\DemoDist.vcxproj", "{A7EF5FD8-221B-4E90-8580-CBA8E5150F85}"
	ProjectSection(ProjectDependencies) = postProject
		{D2CE28FF-63B8-48BC-936D-33F365B4053F} = {D2CE28FF-63B8-48BC-936D-33F365B4053F}
	EndProjectSection
EndProject
Project("{8BC9CEB8-8B4A-11D0-8D11-00A0C91BC942}") = "DemoDist_GenCoef_example", "..\ExamplePlugIns\DemoDist_GenCoef\WinBuild\vs2017\DemoDist_GenCoef.vcxproj", "{9EEA285A-8FA2-4011-A430-A005E64936C4}"
	ProjectSection(ProjectDependencies) = postProject
		{D2CE28FF-63B8-48BC-936D-33F365B4053F} = {D2CE28FF-63B8-48BC-936D-33F365B4053F}
	EndProjectSection
EndProject
Project("{8BC9CEB8-8B4A-11D0-8D11-00A0C91BC942}") = "DemoGain_example", "..\ExamplePlugIns\DemoGain\WinBuild\vs2017\DemoGain.vcxproj", "{DB10737E-7A17-434B-AB92-87E1529A434D}"
	ProjectSection(ProjectDependencies) = postProject
		{D2CE28FF-63B8-48BC-936D-33F365B4053F} = {D2CE28FF-63B8-48BC-936D-33F365B4053F}
	EndProjectSection
EndProject
Project("{8BC9CEB8-8B4A-11D0-8D11-00A0C91BC942}") = "DemoGain_Background_example", "..\ExamplePlugIns\DemoGain_Background\WinBuild\vs2017\DemoGain_Background.vcxproj", "{E4577B8D-BD7C-481D-BDB5-FCE64F40D635}"
	ProjectSection(ProjectDependencies) = postProject
		{D2CE28FF-63B8-48BC-936D-33F365B4053F} = {D2CE28FF-63B8-48BC-936D-33F365B4053F}
	EndProjectSection
EndProject
Project("{8BC9CEB8-8B4A-11D0-8D11-00A0C91BC942}") = "DemoGain_DMA_example", "..\ExamplePlugIns\DemoGain_DMA\WinBuild\vs2017\DemoGain_DMA.vcxproj", "{D0B63ACA-66DA-4748-ACB4-4565CA81B8BD}"
	ProjectSection(ProjectDependencies) = postProject
		{D2CE28FF-63B8-48BC-936D-33F365B4053F} = {D2CE28FF-63B8-48BC-936D-33F365B4053F}
	EndProjectSection
EndProject
Project("{8BC9CEB8-8B4A-11D0-8D11-00A0C91BC942}") = "DemoGain_LinkedParameters_example", "..\ExamplePlugIns\DemoGain_LinkedParameters\WinBuild\vs2017\DemoGain_LinkedParameters.vcxproj", "{079CA364-7D15-47E0-8E92-9521899656D3}"
	ProjectSection(ProjectDependencies) = postProject
		{D2CE28FF-63B8-48BC-936D-33F365B4053F} = {D2CE28FF-63B8-48BC-936D-33F365B4053F}
	EndProjectSection
EndProject
Project("{8BC9CEB8-8B4A-11D0-8D11-00A0C91BC942}") = "DemoGain_Multichannel_example", "..\ExamplePlugIns\DemoGain_Multichannel\WinBuild\vs2017\DemoGain_Multichannel.vcxproj", "{BAAEA087-2AB1-4E9B-A3E7-99D9F4DED830}"
	ProjectSection(ProjectDependencies) = postProject
		{D2CE28FF-63B8-48BC-936D-33F365B4053F} = {D2CE28FF-63B8-48BC-936D-33F365B4053F}
	EndProjectSection
EndProject
Project("{8BC9CEB8-8B4A-11D0-8D11-00A0C91BC942}") = "DemoGain_ParamValueInfo_example", "..\ExamplePlugIns\DemoGain_ParamValueInfo\WinBuild\vs2017\DemoGain_ParamValueInfo.vcxproj", "{6E874676-2565-4884-9F12-15478538F4F6}"
	ProjectSection(ProjectDependencies) = postProject
		{D2CE28FF-63B8-48BC-936D-33F365B4053F} = {D2CE28FF-63B8-48BC-936D-33F365B4053F}
	EndProjectSection
EndProject
Project("{8BC9CEB8-8B4A-11D0-8D11-00A0C91BC942}") = "DemoGain_Smoothed_example", "..\ExamplePlugIns\DemoGain_Smoothed\WinBuild\vs2017\DemoGain_Smoothed.vcxproj", "{16DA95D9-37DB-4B23-9C5B-4B9D0B443224}"
	ProjectSection(ProjectDependencies) = postProject
		{D2CE28FF-63B8-48BC-936D-33F365B4053F} = {D2CE28FF-63B8-48BC-936D-33F365B4053F}
	EndProjectSection
EndProject
Project("{8BC9CEB8-8B4A-11D0-8D11-00A0C91BC942}") = "DemoGain_UpMixer_example", "..\ExamplePlugIns\DemoGain_UpMixer\WinBuild\vs2017\DemoGain_UpMixer.vcxproj", "{7EE5A5A6-F8A4-479A-B863-9C69F411D133}"
	ProjectSection(ProjectDependencies) = postProject
		{D2CE28FF-63B8-48BC-936D-33F365B4053F} = {D2CE28FF-63B8-48BC-936D-33F365B4053F}
	EndProjectSection
EndProject
Project("{8BC9CEB8-8B4A-11D0-8D11-00A0C91BC942}") = "DemoMIDI_NoteOn_example", "..\ExamplePlugIns\DemoMIDI_NoteOn\WinBuild\vs2017\DemoMIDI_NoteOn.vcxproj", "{A6F5825F-8B30-4D89-A676-65A288D726E6}"
	ProjectSection(ProjectDependencies) = postProject
		{D2CE28FF-63B8-48BC-936D-33F365B4053F} = {D2CE28FF-63B8-48BC-936D-33F365B4053F}
	EndProjectSection
EndProject
Project("{8BC9CEB8-8B4A-11D0-8D11-00A0C91BC942}") = "DemoMIDI_Sampler_example", "..\ExamplePlugIns\DemoMIDI_Sampler\WinBuild\vs2017\DemoMIDI_Sampler.vcxproj", "{0574F103-3822-4277-A194-FDEA3C60CE87}"
	ProjectSection(ProjectDependencies) = postProject
		{D2CE28FF-63B8-48BC-936D-33F365B4053F} = {D2CE28FF-63B8-48BC-936D-33F365B4053F}
	EndProjectSection
EndProject
Project("{8BC9CEB8-8B4A-11D0-8D11-00A0C91BC942}") = "DemoMIDI_Synth_example", "..\ExamplePlugIns\DemoMIDI_Synth\WinBuild\vs2017\DemoMIDI_Synth.vcxproj", "{3A57CCF9-E22F-4543-A583-BECF9794A024}"
	ProjectSection(ProjectDependencies) = postProject
		{D2CE28FF-63B8-48BC-936D-33F365B4053F} = {D2CE28FF-63B8-48BC-936D-33F365B4053F}
	EndProjectSection
EndProject
Project("{8BC9CEB8-8B4A-11D0-8D11-00A0C91BC942}") = "DemoMIDI_Synth_AuxOutput_example", "..\ExamplePlugIns\DemoMIDI_Synth_AuxOutput\WinBuild\vs2017\DemoMIDI_Synth_AuxOutput.vcxproj", "{2D5A3CB1-84A6-49DC-BC88-55D428027EBF}"
	ProjectSection(ProjectDependencies) = postProject
		{D2CE28FF-63B8-48BC-936D-33F365B4053F} = {D2CE28FF-63B8-48BC-936D-33F365B4053F}
	EndProjectSection
EndProject
Project("{8BC9CEB8-8B4A-11D0-8D11-00A0C91BC942}") = "RectiFi_example", "..\ExamplePlugIns\RectiFi\WinBuild\vs2017\RectiFi.vcxproj", "{B7AAD71E-BA7E-4F88-800B-6C736673A8DF}"
	ProjectSection(ProjectDependencies) = postProject
		{D2CE28FF-63B8-48BC-936D-33F365B4053F} = {D2CE28FF-63B8-48BC-936D-33F365B4053F}
	EndProjectSection
EndProject
Project("{8BC9CEB8-8B4A-11D0-8D11-00A0C91BC942}") = "DemoGain_Juce_example", "..\ExamplePlugIns\DemoGain_GUIExtensions\WinBuild\vs2017\DemoGain_Juce.vcxproj", "{31C77533-D5BA-4B71-AEE3-53B18BA9A323}"
	ProjectSection(ProjectDependencies) = postProject
		{2F2AF28C-CD42-F164-1AC5-90A9ACD39DD3} = {2F2AF28C-CD42-F164-1AC5-90A9ACD39DD3}
		{D2CE28FF-63B8-48BC-936D-33F365B4053F} = {D2CE28FF-63B8-48BC-936D-33F365B4053F}
	EndProjectSection
EndProject
Project("{8BC9CEB8-8B4A-11D0-8D11-00A0C91BC942}") = "DemoGain_VST_example", "..\ExamplePlugIns\DemoGain_GUIExtensions\WinBuild\vs2017\DemoGain_VST.vcxproj", "{0563A192-2626-4F5F-BB06-F7B8F1F0C3F3}"
	ProjectSection(ProjectDependencies) = postProject
		{C55B0923-B617-4911-B6FF-2A3CB3DC7381} = {C55B0923-B617-4911-B6FF-2A3CB3DC7381}
		{D2CE28FF-63B8-48BC-936D-33F365B4053F} = {D2CE28FF-63B8-48BC-936D-33F365B4053F}
	EndProjectSection
EndProject
Project("{8BC9CEB8-8B4A-11D0-8D11-00A0C91BC942}") = "DemoGain_Win32_example", "..\ExamplePlugIns\DemoGain_GUIExtensions\WinBuild\vs2017\DemoGain_Win32.vcxproj", "{63C11B8C-D511-4D92-B179-2B3D8E780799}"
	ProjectSection(ProjectDependencies) = postProject
		{D2CE28FF-63B8-48BC-936D-33F365B4053F} = {D2CE28FF-63B8-48BC-936D-33F365B4053F}
	EndProjectSection
EndProject
Project("{8BC9CEB8-8B4A-11D0-8D11-00A0C91BC942}") = "JUCE", "..\Extensions\GUI\WinBuild\vs2017\JUCE.vcxproj", "{2F2AF28C-CD42-F164-1AC5-90A9ACD39DD3}"
EndProject
Project("{8BC9CEB8-8B4A-11D0-8D11-00A0C91BC942}") = "VST", "..\Extensions\GUI\WinBuild\vs2017\VST.vcxproj", "{C55B0923-B617-4911-B6FF-2A3CB3DC7381}"
EndProject
Global
	GlobalSection(SolutionConfigurationPlatforms) = preSolution
		All-Debug|x64 = All-Debug|x64
		All-Release|x64 = All-Release|x64
		Examples-Debug|x64 = Examples-Debug|x64
		Examples-Release|x64 = Examples-Release|x64
		Lib-Debug|x64 = Lib-Debug|x64
		Lib-Release|x64 = Lib-Release|x64
	EndGlobalSection
	GlobalSection(ProjectConfigurationPlatforms) = postSolution
		{D2CE28FF-63B8-48BC-936D-33F365B4053F}.All-Debug|x64.ActiveCfg = Debug|x64
		{D2CE28FF-63B8-48BC-936D-33F365B4053F}.All-Debug|x64.Build.0 = Debug|x64
		{D2CE28FF-63B8-48BC-936D-33F365B4053F}.All-Release|x64.ActiveCfg = Release|x64
		{D2CE28FF-63B8-48BC-936D-33F365B4053F}.All-Release|x64.Build.0 = Release|x64
		{D2CE28FF-63B8-48BC-936D-33F365B4053F}.Examples-Debug|x64.ActiveCfg = Debug|x64
		{D2CE28FF-63B8-48BC-936D-33F365B4053F}.Examples-Debug|x64.Build.0 = Debug|x64
		{D2CE28FF-63B8-48BC-936D-33F365B4053F}.Examples-Release|x64.ActiveCfg = Release|x64
		{D2CE28FF-63B8-48BC-936D-33F365B4053F}.Examples-Release|x64.Build.0 = Release|x64
		{D2CE28FF-63B8-48BC-936D-33F365B4053F}.Lib-Debug|x64.ActiveCfg = Debug|x64
		{D2CE28FF-63B8-48BC-936D-33F365B4053F}.Lib-Debug|x64.Build.0 = Debug|x64
		{D2CE28FF-63B8-48BC-936D-33F365B4053F}.Lib-Release|x64.ActiveCfg = Release|x64
		{D2CE28FF-63B8-48BC-936D-33F365B4053F}.Lib-Release|x64.Build.0 = Release|x64
		{DC4B5920-933D-4C82-B842-F34431D55A93}.All-Debug|x64.ActiveCfg = Debug|x64
		{DC4B5920-933D-4C82-B842-F34431D55A93}.All-Debug|x64.Build.0 = Debug|x64
		{DC4B5920-933D-4C82-B842-F34431D55A93}.All-Release|x64.ActiveCfg = Release|x64
		{DC4B5920-933D-4C82-B842-F34431D55A93}.All-Release|x64.Build.0 = Release|x64
		{DC4B5920-933D-4C82-B842-F34431D55A93}.Examples-Debug|x64.ActiveCfg = Debug|x64
		{DC4B5920-933D-4C82-B842-F34431D55A93}.Examples-Debug|x64.Build.0 = Debug|x64
		{DC4B5920-933D-4C82-B842-F34431D55A93}.Examples-Release|x64.ActiveCfg = Release|x64
		{DC4B5920-933D-4C82-B842-F34431D55A93}.Examples-Release|x64.Build.0 = Release|x64
		{DC4B5920-933D-4C82-B842-F34431D55A93}.Lib-Debug|x64.ActiveCfg = Debug|x64
		{DC4B5920-933D-4C82-B842-F34431D55A93}.Lib-Release|x64.ActiveCfg = Release|x64
		{10890681-E876-4276-8A11-1B4BBD945846}.All-Debug|x64.ActiveCfg = Debug|x64
		{10890681-E876-4276-8A11-1B4BBD945846}.All-Debug|x64.Build.0 = Debug|x64
		{10890681-E876-4276-8A11-1B4BBD945846}.All-Release|x64.ActiveCfg = Release|x64
		{10890681-E876-4276-8A11-1B4BBD945846}.All-Release|x64.Build.0 = Release|x64
		{10890681-E876-4276-8A11-1B4BBD945846}.Examples-Debug|x64.ActiveCfg = Debug|x64
		{10890681-E876-4276-8A11-1B4BBD945846}.Examples-Debug|x64.Build.0 = Debug|x64
		{10890681-E876-4276-8A11-1B4BBD945846}.Examples-Release|x64.ActiveCfg = Release|x64
		{10890681-E876-4276-8A11-1B4BBD945846}.Examples-Release|x64.Build.0 = Release|x64
		{10890681-E876-4276-8A11-1B4BBD945846}.Lib-Debug|x64.ActiveCfg = Debug|x64
		{10890681-E876-4276-8A11-1B4BBD945846}.Lib-Release|x64.ActiveCfg = Release|x64
		{442CFCFD-4A85-43E9-9A31-FA527AA06245}.All-Debug|x64.ActiveCfg = Debug|x64
		{442CFCFD-4A85-43E9-9A31-FA527AA06245}.All-Debug|x64.Build.0 = Debug|x64
		{442CFCFD-4A85-43E9-9A31-FA527AA06245}.All-Release|x64.ActiveCfg = Release|x64
		{442CFCFD-4A85-43E9-9A31-FA527AA06245}.All-Release|x64.Build.0 = Release|x64
		{442CFCFD-4A85-43E9-9A31-FA527AA06245}.Examples-Debug|x64.ActiveCfg = Debug|x64
		{442CFCFD-4A85-43E9-9A31-FA527AA06245}.Examples-Debug|x64.Build.0 = Debug|x64
		{442CFCFD-4A85-43E9-9A31-FA527AA06245}.Examples-Release|x64.ActiveCfg = Release|x64
		{442CFCFD-4A85-43E9-9A31-FA527AA06245}.Examples-Release|x64.Build.0 = Release|x64
		{442CFCFD-4A85-43E9-9A31-FA527AA06245}.Lib-Debug|x64.ActiveCfg = Debug|x64
		{442CFCFD-4A85-43E9-9A31-FA527AA06245}.Lib-Release|x64.ActiveCfg = Release|x64
		{985E18BF-F5CC-4A48-B413-6A8889E81A0C}.All-Debug|x64.ActiveCfg = Debug|x64
		{985E18BF-F5CC-4A48-B413-6A8889E81A0C}.All-Debug|x64.Build.0 = Debug|x64
		{985E18BF-F5CC-4A48-B413-6A8889E81A0C}.All-Release|x64.ActiveCfg = Release|x64
		{985E18BF-F5CC-4A48-B413-6A8889E81A0C}.All-Release|x64.Build.0 = Release|x64
		{985E18BF-F5CC-4A48-B413-6A8889E81A0C}.Examples-Debug|x64.ActiveCfg = Debug|x64
		{985E18BF-F5CC-4A48-B413-6A8889E81A0C}.Examples-Debug|x64.Build.0 = Debug|x64
		{985E18BF-F5CC-4A48-B413-6A8889E81A0C}.Examples-Release|x64.ActiveCfg = Release|x64
		{985E18BF-F5CC-4A48-B413-6A8889E81A0C}.Examples-Release|x64.Build.0 = Release|x64
		{985E18BF-F5CC-4A48-B413-6A8889E81A0C}.Lib-Debug|x64.ActiveCfg = Debug|x64
		{985E18BF-F5CC-4A48-B413-6A8889E81A0C}.Lib-Release|x64.ActiveCfg = Release|x64
		{3CDE3FD1-03A3-462E-B732-6E600B7310E8}.All-Debug|x64.ActiveCfg = Debug|x64
		{3CDE3FD1-03A3-462E-B732-6E600B7310E8}.All-Debug|x64.Build.0 = Debug|x64
		{3CDE3FD1-03A3-462E-B732-6E600B7310E8}.All-Release|x64.ActiveCfg = Release|x64
		{3CDE3FD1-03A3-462E-B732-6E600B7310E8}.All-Release|x64.Build.0 = Release|x64
		{3CDE3FD1-03A3-462E-B732-6E600B7310E8}.Examples-Debug|x64.ActiveCfg = Debug|x64
		{3CDE3FD1-03A3-462E-B732-6E600B7310E8}.Examples-Debug|x64.Build.0 = Debug|x64
		{3CDE3FD1-03A3-462E-B732-6E600B7310E8}.Examples-Release|x64.ActiveCfg = Release|x64
		{3CDE3FD1-03A3-462E-B732-6E600B7310E8}.Examples-Release|x64.Build.0 = Release|x64
		{3CDE3FD1-03A3-462E-B732-6E600B7310E8}.Lib-Debug|x64.ActiveCfg = Debug|x64
		{3CDE3FD1-03A3-462E-B732-6E600B7310E8}.Lib-Release|x64.ActiveCfg = Release|x64
		{A7EF5FD8-221B-4E90-8580-CBA8E5150F85}.All-Debug|x64.ActiveCfg = Debug|x64
		{A7EF5FD8-221B-4E90-8580-CBA8E5150F85}.All-Debug|x64.Build.0 = Debug|x64
		{A7EF5FD8-221B-4E90-8580-CBA8E5150F85}.All-Release|x64.ActiveCfg = Release|x64
		{A7EF5FD8-221B-4E90-8580-CBA8E5150F85}.All-Release|x64.Build.0 = Release|x64
		{A7EF5FD8-221B-4E90-8580-CBA8E5150F85}.Examples-Debug|x64.ActiveCfg = Debug|x64
		{A7EF5FD8-221B-4E90-8580-CBA8E5150F85}.Examples-Debug|x64.Build.0 = Debug|x64
		{A7EF5FD8-221B-4E90-8580-CBA8E5150F85}.Examples-Release|x64.ActiveCfg = Release|x64
		{A7EF5FD8-221B-4E90-8580-CBA8E5150F85}.Examples-Release|x64.Build.0 = Release|x64
		{A7EF5FD8-221B-4E90-8580-CBA8E5150F85}.Lib-Debug|x64.ActiveCfg = Debug|x64
		{A7EF5FD8-221B-4E90-8580-CBA8E5150F85}.Lib-Release|x64.ActiveCfg = Release|x64
		{9EEA285A-8FA2-4011-A430-A005E64936C4}.All-Debug|x64.ActiveCfg = Debug|x64
		{9EEA285A-8FA2-4011-A430-A005E64936C4}.All-Debug|x64.Build.0 = Debug|x64
		{9EEA285A-8FA2-4011-A430-A005E64936C4}.All-Release|x64.ActiveCfg = Release|x64
		{9EEA285A-8FA2-4011-A430-A005E64936C4}.All-Release|x64.Build.0 = Release|x64
		{9EEA285A-8FA2-4011-A430-A005E64936C4}.Examples-Debug|x64.ActiveCfg = Debug|x64
		{9EEA285A-8FA2-4011-A430-A005E64936C4}.Examples-Debug|x64.Build.0 = Debug|x64
		{9EEA285A-8FA2-4011-A430-A005E64936C4}.Examples-Release|x64.ActiveCfg = Release|x64
		{9EEA285A-8FA2-4011-A430-A005E64936C4}.Examples-Release|x64.Build.0 = Release|x64
		{9EEA285A-8FA2-4011-A430-A005E64936C4}.Lib-Debug|x64.ActiveCfg = Debug|x64
		{9EEA285A-8FA2-4011-A430-A005E64936C4}.Lib-Release|x64.ActiveCfg = Release|x64
		{DB10737E-7A17-434B-AB92-87E1529A434D}.All-Debug|x64.ActiveCfg = Debug|x64
		{DB10737E-7A17-434B-AB92-87E1529A434D}.All-Debug|x64.Build.0 = Debug|x64
		{DB10737E-7A17-434B-AB92-87E1529A434D}.All-Release|x64.ActiveCfg = Release|x64
		{DB10737E-7A17-434B-AB92-87E1529A434D}.All-Release|x64.Build.0 = Release|x64
		{DB10737E-7A17-434B-AB92-87E1529A434D}.Examples-Debug|x64.ActiveCfg = Debug|x64
		{DB10737E-7A17-434B-AB92-87E1529A434D}.Examples-Debug|x64.Build.0 = Debug|x64
		{DB10737E-7A17-434B-AB92-87E1529A434D}.Examples-Release|x64.ActiveCfg = Release|x64
		{DB10737E-7A17-434B-AB92-87E1529A434D}.Examples-Release|x64.Build.0 = Release|x64
		{DB10737E-7A17-434B-AB92-87E1529A434D}.Lib-Debug|x64.ActiveCfg = Debug|x64
		{DB10737E-7A17-434B-AB92-87E1529A434D}.Lib-Release|x64.ActiveCfg = Release|x64
		{E4577B8D-BD7C-481D-BDB5-FCE64F40D635}.All-Debug|x64.ActiveCfg = Debug|x64
		{E4577B8D-BD7C-481D-BDB5-FCE64F40D635}.All-Debug|x64.Build.0 = Debug|x64
		{E4577B8D-BD7C-481D-BDB5-FCE64F40D635}.All-Release|x64.ActiveCfg = Release|x64
		{E4577B8D-BD7C-481D-BDB5-FCE64F40D635}.All-Release|x64.Build.0 = Release|x64
		{E4577B8D-BD7C-481D-BDB5-FCE64F40D635}.Examples-Debug|x64.ActiveCfg = Debug|x64
		{E4577B8D-BD7C-481D-BDB5-FCE64F40D635}.Examples-Debug|x64.Build.0 = Debug|x64
		{E4577B8D-BD7C-481D-BDB5-FCE64F40D635}.Examples-Release|x64.ActiveCfg = Release|x64
		{E4577B8D-BD7C-481D-BDB5-FCE64F40D635}.Examples-Release|x64.Build.0 = Release|x64
		{E4577B8D-BD7C-481D-BDB5-FCE64F40D635}.Lib-Debug|x64.ActiveCfg = Debug|x64
		{E4577B8D-BD7C-481D-BDB5-FCE64F40D635}.Lib-Release|x64.ActiveCfg = Release|x64
		{4921AFDF-B30A-4594-9A52-6D1CE0C84A97}.All-Debug|x64.ActiveCfg = Debug|x64
		{4921AFDF-B30A-4594-9A52-6D1CE0C84A97}.All-Debug|x64.Build.0 = Debug|x64
		{4921AFDF-B30A-4594-9A52-6D1CE0C84A97}.All-Release|x64.ActiveCfg = Release|x64
		{4921AFDF-B30A-4594-9A52-6D1CE0C84A97}.All-Release|x64.Build.0 = Release|x64
		{4921AFDF-B30A-4594-9A52-6D1CE0C84A97}.Examples-Debug|x64.ActiveCfg = Debug|x64
		{4921AFDF-B30A-4594-9A52-6D1CE0C84A97}.Examples-Debug|x64.Build.0 = Debug|x64
		{4921AFDF-B30A-4594-9A52-6D1CE0C84A97}.Examples-Release|x64.ActiveCfg = Release|x64
		{4921AFDF-B30A-4594-9A52-6D1CE0C84A97}.Examples-Release|x64.Build.0 = Release|x64
		{4921AFDF-B30A-4594-9A52-6D1CE0C84A97}.Lib-Debug|x64.ActiveCfg = Debug|x64
		{4921AFDF-B30A-4594-9A52-6D1CE0C84A97}.Lib-Release|x64.ActiveCfg = Release|x64
		{D0B63ACA-66DA-4748-ACB4-4565CA81B8BD}.All-Debug|x64.ActiveCfg = Debug|x64
		{D0B63ACA-66DA-4748-ACB4-4565CA81B8BD}.All-Debug|x64.Build.0 = Debug|x64
		{D0B63ACA-66DA-4748-ACB4-4565CA81B8BD}.All-Release|x64.ActiveCfg = Release|x64
		{D0B63ACA-66DA-4748-ACB4-4565CA81B8BD}.All-Release|x64.Build.0 = Release|x64
		{D0B63ACA-66DA-4748-ACB4-4565CA81B8BD}.Examples-Debug|x64.ActiveCfg = Debug|x64
		{D0B63ACA-66DA-4748-ACB4-4565CA81B8BD}.Examples-Debug|x64.Build.0 = Debug|x64
		{D0B63ACA-66DA-4748-ACB4-4565CA81B8BD}.Examples-Release|x64.ActiveCfg = Release|x64
		{D0B63ACA-66DA-4748-ACB4-4565CA81B8BD}.Examples-Release|x64.Build.0 = Release|x64
		{D0B63ACA-66DA-4748-ACB4-4565CA81B8BD}.Lib-Debug|x64.ActiveCfg = Debug|x64
		{D0B63ACA-66DA-4748-ACB4-4565CA81B8BD}.Lib-Release|x64.ActiveCfg = Release|x64
		{079CA364-7D15-47E0-8E92-9521899656D3}.All-Debug|x64.ActiveCfg = Debug|x64
		{079CA364-7D15-47E0-8E92-9521899656D3}.All-Debug|x64.Build.0 = Debug|x64
		{079CA364-7D15-47E0-8E92-9521899656D3}.All-Release|x64.ActiveCfg = Release|x64
		{079CA364-7D15-47E0-8E92-9521899656D3}.All-Release|x64.Build.0 = Release|x64
		{079CA364-7D15-47E0-8E92-9521899656D3}.Examples-Debug|x64.ActiveCfg = Debug|x64
		{079CA364-7D15-47E0-8E92-9521899656D3}.Examples-Debug|x64.Build.0 = Debug|x64
		{079CA364-7D15-47E0-8E92-9521899656D3}.Examples-Release|x64.ActiveCfg = Release|x64
		{079CA364-7D15-47E0-8E92-9521899656D3}.Examples-Release|x64.Build.0 = Release|x64
		{079CA364-7D15-47E0-8E92-9521899656D3}.Lib-Debug|x64.ActiveCfg = Debug|x64
		{079CA364-7D15-47E0-8E92-9521899656D3}.Lib-Release|x64.ActiveCfg = Release|x64
		{BAAEA087-2AB1-4E9B-A3E7-99D9F4DED830}.All-Debug|x64.ActiveCfg = Debug|x64
		{BAAEA087-2AB1-4E9B-A3E7-99D9F4DED830}.All-Debug|x64.Build.0 = Debug|x64
		{BAAEA087-2AB1-4E9B-A3E7-99D9F4DED830}.All-Release|x64.ActiveCfg = Release|x64
		{BAAEA087-2AB1-4E9B-A3E7-99D9F4DED830}.All-Release|x64.Build.0 = Release|x64
		{BAAEA087-2AB1-4E9B-A3E7-99D9F4DED830}.Examples-Debug|x64.ActiveCfg = Debug|x64
		{BAAEA087-2AB1-4E9B-A3E7-99D9F4DED830}.Examples-Debug|x64.Build.0 = Debug|x64
		{BAAEA087-2AB1-4E9B-A3E7-99D9F4DED830}.Examples-Release|x64.ActiveCfg = Release|x64
		{BAAEA087-2AB1-4E9B-A3E7-99D9F4DED830}.Examples-Release|x64.Build.0 = Release|x64
		{BAAEA087-2AB1-4E9B-A3E7-99D9F4DED830}.Lib-Debug|x64.ActiveCfg = Debug|x64
		{BAAEA087-2AB1-4E9B-A3E7-99D9F4DED830}.Lib-Release|x64.ActiveCfg = Release|x64
		{6E874676-2565-4884-9F12-15478538F4F6}.All-Debug|x64.ActiveCfg = Debug|x64
		{6E874676-2565-4884-9F12-15478538F4F6}.All-Debug|x64.Build.0 = Debug|x64
		{6E874676-2565-4884-9F12-15478538F4F6}.All-Release|x64.ActiveCfg = Release|x64
		{6E874676-2565-4884-9F12-15478538F4F6}.All-Release|x64.Build.0 = Release|x64
		{6E874676-2565-4884-9F12-15478538F4F6}.Examples-Debug|x64.ActiveCfg = Debug|x64
		{6E874676-2565-4884-9F12-15478538F4F6}.Examples-Debug|x64.Build.0 = Debug|x64
		{6E874676-2565-4884-9F12-15478538F4F6}.Examples-Release|x64.ActiveCfg = Release|x64
		{6E874676-2565-4884-9F12-15478538F4F6}.Examples-Release|x64.Build.0 = Release|x64
		{6E874676-2565-4884-9F12-15478538F4F6}.Lib-Debug|x64.ActiveCfg = Debug|x64
		{6E874676-2565-4884-9F12-15478538F4F6}.Lib-Release|x64.ActiveCfg = Release|x64
		{16DA95D9-37DB-4B23-9C5B-4B9D0B443224}.All-Debug|x64.ActiveCfg = Debug|x64
		{16DA95D9-37DB-4B23-9C5B-4B9D0B443224}.All-Debug|x64.Build.0 = Debug|x64
		{16DA95D9-37DB-4B23-9C5B-4B9D0B443224}.All-Release|x64.ActiveCfg = Release|x64
		{16DA95D9-37DB-4B23-9C5B-4B9D0B443224}.All-Release|x64.Build.0 = Release|x64
		{16DA95D9-37DB-4B23-9C5B-4B9D0B443224}.Examples-Debug|x64.ActiveCfg = Debug|x64
		{16DA95D9-37DB-4B23-9C5B-4B9D0B443224}.Examples-Debug|x64.Build.0 = Debug|x64
		{16DA95D9-37DB-4B23-9C5B-4B9D0B443224}.Examples-Release|x64.ActiveCfg = Release|x64
		{16DA95D9-37DB-4B23-9C5B-4B9D0B443224}.Examples-Release|x64.Build.0 = Release|x64
		{16DA95D9-37DB-4B23-9C5B-4B9D0B443224}.Lib-Debug|x64.ActiveCfg = Debug|x64
		{16DA95D9-37DB-4B23-9C5B-4B9D0B443224}.Lib-Release|x64.ActiveCfg = Release|x64
		{7EE5A5A6-F8A4-479A-B863-9C69F411D133}.All-Debug|x64.ActiveCfg = Debug|x64
		{7EE5A5A6-F8A4-479A-B863-9C69F411D133}.All-Debug|x64.Build.0 = Debug|x64
		{7EE5A5A6-F8A4-479A-B863-9C69F411D133}.All-Release|x64.ActiveCfg = Release|x64
		{7EE5A5A6-F8A4-479A-B863-9C69F411D133}.All-Release|x64.Build.0 = Release|x64
		{7EE5A5A6-F8A4-479A-B863-9C69F411D133}.Examples-Debug|x64.ActiveCfg = Debug|x64
		{7EE5A5A6-F8A4-479A-B863-9C69F411D133}.Examples-Debug|x64.Build.0 = Debug|x64
		{7EE5A5A6-F8A4-479A-B863-9C69F411D133}.Examples-Release|x64.ActiveCfg = Release|x64
		{7EE5A5A6-F8A4-479A-B863-9C69F411D133}.Examples-Release|x64.Build.0 = Release|x64
		{7EE5A5A6-F8A4-479A-B863-9C69F411D133}.Lib-Debug|x64.ActiveCfg = Debug|x64
		{7EE5A5A6-F8A4-479A-B863-9C69F411D133}.Lib-Release|x64.ActiveCfg = Release|x64
		{A6F5825F-8B30-4D89-A676-65A288D726E6}.All-Debug|x64.ActiveCfg = Debug|x64
		{A6F5825F-8B30-4D89-A676-65A288D726E6}.All-Debug|x64.Build.0 = Debug|x64
		{A6F5825F-8B30-4D89-A676-65A288D726E6}.All-Release|x64.ActiveCfg = Release|x64
		{A6F5825F-8B30-4D89-A676-65A288D726E6}.All-Release|x64.Build.0 = Release|x64
		{A6F5825F-8B30-4D89-A676-65A288D726E6}.Examples-Debug|x64.ActiveCfg = Debug|x64
		{A6F5825F-8B30-4D89-A676-65A288D726E6}.Examples-Debug|x64.Build.0 = Debug|x64
		{A6F5825F-8B30-4D89-A676-65A288D726E6}.Examples-Release|x64.ActiveCfg = Release|x64
		{A6F5825F-8B30-4D89-A676-65A288D726E6}.Examples-Release|x64.Build.0 = Release|x64
		{A6F5825F-8B30-4D89-A676-65A288D726E6}.Lib-Debug|x64.ActiveCfg = Debug|x64
		{A6F5825F-8B30-4D89-A676-65A288D726E6}.Lib-Release|x64.ActiveCfg = Release|x64
		{0574F103-3822-4277-A194-FDEA3C60CE87}.All-Debug|x64.ActiveCfg = Debug|x64
		{0574F103-3822-4277-A194-FDEA3C60CE87}.All-Debug|x64.Build.0 = Debug|x64
		{0574F103-3822-4277-A194-FDEA3C60CE87}.All-Release|x64.ActiveCfg = Release|x64
		{0574F103-3822-4277-A194-FDEA3C60CE87}.All-Release|x64.Build.0 = Release|x64
		{0574F103-3822-4277-A194-FDEA3C60CE87}.Examples-Debug|x64.ActiveCfg = Debug|x64
		{0574F103-3822-4277-A194-FDEA3C60CE87}.Examples-Debug|x64.Build.0 = Debug|x64
		{0574F103-3822-4277-A194-FDEA3C60CE87}.Examples-Release|x64.ActiveCfg = Release|x64
		{0574F103-3822-4277-A194-FDEA3C60CE87}.Examples-Release|x64.Build.0 = Release|x64
		{0574F103-3822-4277-A194-FDEA3C60CE87}.Lib-Debug|x64.ActiveCfg = Debug|x64
		{0574F103-3822-4277-A194-FDEA3C60CE87}.Lib-Release|x64.ActiveCfg = Release|x64
		{3A57CCF9-E22F-4543-A583-BECF9794A024}.All-Debug|x64.ActiveCfg = Debug|x64
		{3A57CCF9-E22F-4543-A583-BECF9794A024}.All-Debug|x64.Build.0 = Debug|x64
		{3A57CCF9-E22F-4543-A583-BECF9794A024}.All-Release|x64.ActiveCfg = Release|x64
		{3A57CCF9-E22F-4543-A583-BECF9794A024}.All-Release|x64.Build.0 = Release|x64
		{3A57CCF9-E22F-4543-A583-BECF9794A024}.Examples-Debug|x64.ActiveCfg = Debug|x64
		{3A57CCF9-E22F-4543-A583-BECF9794A024}.Examples-Debug|x64.Build.0 = Debug|x64
		{3A57CCF9-E22F-4543-A583-BECF9794A024}.Examples-Release|x64.ActiveCfg = Release|x64
		{3A57CCF9-E22F-4543-A583-BECF9794A024}.Examples-Release|x64.Build.0 = Release|x64
		{3A57CCF9-E22F-4543-A583-BECF9794A024}.Lib-Debug|x64.ActiveCfg = Debug|x64
		{3A57CCF9-E22F-4543-A583-BECF9794A024}.Lib-Release|x64.ActiveCfg = Release|x64
		{2D5A3CB1-84A6-49DC-BC88-55D428027EBF}.All-Debug|x64.ActiveCfg = Debug|x64
		{2D5A3CB1-84A6-49DC-BC88-55D428027EBF}.All-Debug|x64.Build.0 = Debug|x64
		{2D5A3CB1-84A6-49DC-BC88-55D428027EBF}.All-Release|x64.ActiveCfg = Release|x64
		{2D5A3CB1-84A6-49DC-BC88-55D428027EBF}.All-Release|x64.Build.0 = Release|x64
		{2D5A3CB1-84A6-49DC-BC88-55D428027EBF}.Examples-Debug|x64.ActiveCfg = Debug|x64
		{2D5A3CB1-84A6-49DC-BC88-55D428027EBF}.Examples-Debug|x64.Build.0 = Debug|x64
		{2D5A3CB1-84A6-49DC-BC88-55D428027EBF}.Examples-Release|x64.ActiveCfg = Release|x64
		{2D5A3CB1-84A6-49DC-BC88-55D428027EBF}.Examples-Release|x64.Build.0 = Release|x64
		{2D5A3CB1-84A6-49DC-BC88-55D428027EBF}.Lib-Debug|x64.ActiveCfg = Debug|x64
		{2D5A3CB1-84A6-49DC-BC88-55D428027EBF}.Lib-Release|x64.ActiveCfg = Release|x64
		{8CF8B2F8-8594-4A54-82E1-C4B699530225}.All-Debug|x64.ActiveCfg = Debug|x64
		{8CF8B2F8-8594-4A54-82E1-C4B699530225}.All-Debug|x64.Build.0 = Debug|x64
		{8CF8B2F8-8594-4A54-82E1-C4B699530225}.All-Release|x64.ActiveCfg = Release|x64
		{8CF8B2F8-8594-4A54-82E1-C4B699530225}.All-Release|x64.Build.0 = Release|x64
		{8CF8B2F8-8594-4A54-82E1-C4B699530225}.Examples-Debug|x64.ActiveCfg = Debug|x64
		{8CF8B2F8-8594-4A54-82E1-C4B699530225}.Examples-Debug|x64.Build.0 = Debug|x64
		{8CF8B2F8-8594-4A54-82E1-C4B699530225}.Examples-Release|x64.ActiveCfg = Release|x64
		{8CF8B2F8-8594-4A54-82E1-C4B699530225}.Examples-Release|x64.Build.0 = Release|x64
		{8CF8B2F8-8594-4A54-82E1-C4B699530225}.Lib-Debug|x64.ActiveCfg = Debug|x64
		{8CF8B2F8-8594-4A54-82E1-C4B699530225}.Lib-Release|x64.ActiveCfg = Release|x64
		{B7AAD71E-BA7E-4F88-800B-6C736673A8DF}.All-Debug|x64.ActiveCfg = Debug|x64
		{B7AAD71E-BA7E-4F88-800B-6C736673A8DF}.All-Debug|x64.Build.0 = Debug|x64
		{B7AAD71E-BA7E-4F88-800B-6C736673A8DF}.All-Release|x64.ActiveCfg = Release|x64
		{B7AAD71E-BA7E-4F88-800B-6C736673A8DF}.All-Release|x64.Build.0 = Release|x64
		{B7AAD71E-BA7E-4F88-800B-6C736673A8DF}.Examples-Debug|x64.ActiveCfg = Debug|x64
		{B7AAD71E-BA7E-4F88-800B-6C736673A8DF}.Examples-Debug|x64.Build.0 = Debug|x64
		{B7AAD71E-BA7E-4F88-800B-6C736673A8DF}.Examples-Release|x64.ActiveCfg = Release|x64
		{B7AAD71E-BA7E-4F88-800B-6C736673A8DF}.Examples-Release|x64.Build.0 = Release|x64
		{B7AAD71E-BA7E-4F88-800B-6C736673A8DF}.Lib-Debug|x64.ActiveCfg = Debug|x64
		{B7AAD71E-BA7E-4F88-800B-6C736673A8DF}.Lib-Release|x64.ActiveCfg = Release|x64
		{31C77533-D5BA-4B71-AEE3-53B18BA9A323}.All-Debug|x64.ActiveCfg = Debug|x64
		{31C77533-D5BA-4B71-AEE3-53B18BA9A323}.All-Debug|x64.Build.0 = Debug|x64
		{31C77533-D5BA-4B71-AEE3-53B18BA9A323}.All-Release|x64.ActiveCfg = Release|x64
		{31C77533-D5BA-4B71-AEE3-53B18BA9A323}.All-Release|x64.Build.0 = Release|x64
		{31C77533-D5BA-4B71-AEE3-53B18BA9A323}.Examples-Debug|x64.ActiveCfg = Debug|x64
		{31C77533-D5BA-4B71-AEE3-53B18BA9A323}.Examples-Release|x64.ActiveCfg = Release|x64
		{31C77533-D5BA-4B71-AEE3-53B18BA9A323}.Lib-Debug|x64.ActiveCfg = Debug|x64
		{31C77533-D5BA-4B71-AEE3-53B18BA9A323}.Lib-Release|x64.ActiveCfg = Release|x64
		{0563A192-2626-4F5F-BB06-F7B8F1F0C3F3}.All-Debug|x64.ActiveCfg = Debug|x64
		{0563A192-2626-4F5F-BB06-F7B8F1F0C3F3}.All-Debug|x64.Build.0 = Debug|x64
		{0563A192-2626-4F5F-BB06-F7B8F1F0C3F3}.All-Release|x64.ActiveCfg = Release|x64
		{0563A192-2626-4F5F-BB06-F7B8F1F0C3F3}.All-Release|x64.Build.0 = Release|x64
		{0563A192-2626-4F5F-BB06-F7B8F1F0C3F3}.Examples-Debug|x64.ActiveCfg = Debug|x64
		{0563A192-2626-4F5F-BB06-F7B8F1F0C3F3}.Examples-Release|x64.ActiveCfg = Release|x64
		{0563A192-2626-4F5F-BB06-F7B8F1F0C3F3}.Lib-Debug|x64.ActiveCfg = Debug|x64
		{0563A192-2626-4F5F-BB06-F7B8F1F0C3F3}.Lib-Release|x64.ActiveCfg = Release|x64
		{63C11B8C-D511-4D92-B179-2B3D8E780799}.All-Debug|x64.ActiveCfg = Debug|x64
		{63C11B8C-D511-4D92-B179-2B3D8E780799}.All-Debug|x64.Build.0 = Debug|x64
		{63C11B8C-D511-4D92-B179-2B3D8E780799}.All-Release|x64.ActiveCfg = Release|x64
		{63C11B8C-D511-4D92-B179-2B3D8E780799}.All-Release|x64.Build.0 = Release|x64
		{63C11B8C-D511-4D92-B179-2B3D8E780799}.Examples-Debug|x64.ActiveCfg = Debug|x64
		{63C11B8C-D511-4D92-B179-2B3D8E780799}.Examples-Debug|x64.Build.0 = Debug|x64
		{63C11B8C-D511-4D92-B179-2B3D8E780799}.Examples-Release|x64.ActiveCfg = Release|x64
		{63C11B8C-D511-4D92-B179-2B3D8E780799}.Examples-Release|x64.Build.0 = Release|x64
		{63C11B8C-D511-4D92-B179-2B3D8E780799}.Lib-Debug|x64.ActiveCfg = Debug|x64
		{63C11B8C-D511-4D92-B179-2B3D8E780799}.Lib-Release|x64.ActiveCfg = Release|x64
		{2F2AF28C-CD42-F164-1AC5-90A9ACD39DD3}.All-Debug|x64.ActiveCfg = Debug|x64
		{2F2AF28C-CD42-F164-1AC5-90A9ACD39DD3}.All-Debug|x64.Build.0 = Debug|x64
		{2F2AF28C-CD42-F164-1AC5-90A9ACD39DD3}.All-Release|x64.ActiveCfg = Release|x64
		{2F2AF28C-CD42-F164-1AC5-90A9ACD39DD3}.All-Release|x64.Build.0 = Release|x64
		{2F2AF28C-CD42-F164-1AC5-90A9ACD39DD3}.Examples-Debug|x64.ActiveCfg = Debug|x64
		{2F2AF28C-CD42-F164-1AC5-90A9ACD39DD3}.Examples-Release|x64.ActiveCfg = Release|x64
		{2F2AF28C-CD42-F164-1AC5-90A9ACD39DD3}.Lib-Debug|x64.ActiveCfg = Debug|x64
		{2F2AF28C-CD42-F164-1AC5-90A9ACD39DD3}.Lib-Release|x64.ActiveCfg = Release|x64
		{C55B0923-B617-4911-B6FF-2A3CB3DC7381}.All-Debug|x64.ActiveCfg = Debug|x64
		{C55B0923-B617-4911-B6FF-2A3CB3DC7381}.All-Debug|x64.Build.0 = Debug|x64
		{C55B0923-B617-4911-B6FF-2A3CB3DC7381}.All-Release|x64.ActiveCfg = Release|x64
		{C55B0923-B617-4911-B6FF-2A3CB3DC7381}.All-Release|x64.Build.0 = Release|x64
		{C55B0923-B617-4911-B6FF-2A3CB3DC7381}.Examples-Debug|x64.ActiveCfg = Debug|x64
		{C55B0923-B617-4911-B6FF-2A3CB3DC7381}.Examples-Release|x64.ActiveCfg = Release|x64
		{C55B0923-B617-4911-B6FF-2A3CB3DC7381}.Lib-Debug|x64.ActiveCfg = Debug|x64
		{C55B0923-B617-4911-B6FF-2A3CB3DC7381}.Lib-Release|x64.ActiveCfg = Release|x64
	EndGlobalSection
	GlobalSection(SolutionProperties) = preSolution
		HideSolutionNode = FALSE
	EndGlobalSection
	GlobalSection(NestedProjects) = preSolution
		{23161FBE-9B6A-460F-B1F4-F85D42F12F79} = {397B02F7-7A0F-4B38-8902-73C35F789731}
		{1AA3F3DD-3C53-4F36-9460-C9B8CC2FF1BF} = {397B02F7-7A0F-4B38-8902-73C35F789731}
		{C4B6657E-7F55-46DA-941F-DAF4AB990C3D} = {397B02F7-7A0F-4B38-8902-73C35F789731}
		{D2CE28FF-63B8-48BC-936D-33F365B4053F} = {31F46311-DEA2-4BDB-9E79-469608A7FD44}
		{DC4B5920-933D-4C82-B842-F34431D55A93} = {BB166848-4BF6-4D58-A9A1-B4457482FAFC}
		{10890681-E876-4276-8A11-1B4BBD945846} = {BB166848-4BF6-4D58-A9A1-B4457482FAFC}
		{442CFCFD-4A85-43E9-9A31-FA527AA06245} = {BB166848-4BF6-4D58-A9A1-B4457482FAFC}
		{985E18BF-F5CC-4A48-B413-6A8889E81A0C} = {BB166848-4BF6-4D58-A9A1-B4457482FAFC}
		{3CDE3FD1-03A3-462E-B732-6E600B7310E8} = {BB166848-4BF6-4D58-A9A1-B4457482FAFC}
		{A7EF5FD8-221B-4E90-8580-CBA8E5150F85} = {BB166848-4BF6-4D58-A9A1-B4457482FAFC}
		{9EEA285A-8FA2-4011-A430-A005E64936C4} = {BB166848-4BF6-4D58-A9A1-B4457482FAFC}
		{DB10737E-7A17-434B-AB92-87E1529A434D} = {BB166848-4BF6-4D58-A9A1-B4457482FAFC}
		{E4577B8D-BD7C-481D-BDB5-FCE64F40D635} = {BB166848-4BF6-4D58-A9A1-B4457482FAFC}
		{4921AFDF-B30A-4594-9A52-6D1CE0C84A97} = {BB166848-4BF6-4D58-A9A1-B4457482FAFC}
		{D0B63ACA-66DA-4748-ACB4-4565CA81B8BD} = {BB166848-4BF6-4D58-A9A1-B4457482FAFC}
		{079CA364-7D15-47E0-8E92-9521899656D3} = {BB166848-4BF6-4D58-A9A1-B4457482FAFC}
		{BAAEA087-2AB1-4E9B-A3E7-99D9F4DED830} = {BB166848-4BF6-4D58-A9A1-B4457482FAFC}
		{6E874676-2565-4884-9F12-15478538F4F6} = {BB166848-4BF6-4D58-A9A1-B4457482FAFC}
		{16DA95D9-37DB-4B23-9C5B-4B9D0B443224} = {BB166848-4BF6-4D58-A9A1-B4457482FAFC}
		{7EE5A5A6-F8A4-479A-B863-9C69F411D133} = {BB166848-4BF6-4D58-A9A1-B4457482FAFC}
		{A6F5825F-8B30-4D89-A676-65A288D726E6} = {BB166848-4BF6-4D58-A9A1-B4457482FAFC}
		{0574F103-3822-4277-A194-FDEA3C60CE87} = {BB166848-4BF6-4D58-A9A1-B4457482FAFC}
		{3A57CCF9-E22F-4543-A583-BECF9794A024} = {BB166848-4BF6-4D58-A9A1-B4457482FAFC}
		{2D5A3CB1-84A6-49DC-BC88-55D428027EBF} = {BB166848-4BF6-4D58-A9A1-B4457482FAFC}
		{8CF8B2F8-8594-4A54-82E1-C4B699530225} = {BB166848-4BF6-4D58-A9A1-B4457482FAFC}
		{B7AAD71E-BA7E-4F88-800B-6C736673A8DF} = {BB166848-4BF6-4D58-A9A1-B4457482FAFC}
		{31C77533-D5BA-4B71-AEE3-53B18BA9A323} = {1AA3F3DD-3C53-4F36-9460-C9B8CC2FF1BF}
		{0563A192-2626-4F5F-BB06-F7B8F1F0C3F3} = {C4B6657E-7F55-46DA-941F-DAF4AB990C3D}
		{63C11B8C-D511-4D92-B179-2B3D8E780799} = {23161FBE-9B6A-460F-B1F4-F85D42F12F79}
		{2F2AF28C-CD42-F164-1AC5-90A9ACD39DD3} = {1AA3F3DD-3C53-4F36-9460-C9B8CC2FF1BF}
		{C55B0923-B617-4911-B6FF-2A3CB3DC7381} = {C4B6657E-7F55-46DA-941F-DAF4AB990C3D}
	EndGlobalSection
	GlobalSection(ExtensibilityGlobals) = postSolution
		SolutionGuid = {1F6E8AA1-D03F-48AC-9F02-E845834F12E0}
	EndGlobalSection
EndGlobal
