<?xml version="1.0" encoding="utf-8"?>
<Project ToolsVersion="4.0" xmlns="http://schemas.microsoft.com/developer/msbuild/2003">
  <ItemGroup>
    <ClCompile Include="..\..\..\..\Interfaces\AAX_Exports.cpp">
      <Filter>Libs</Filter>
    </ClCompile>
    <ClCompile Include="..\..\..\Common\ProcessingClasses\CSimpleDelayLine.cpp">
      <Filter>Source Files</Filter>
    </ClCompile>
    <ClCompile Include="..\..\Source\DemoDelay_AlgProc.cpp">
      <Filter>Source Files</Filter>
    </ClCompile>
    <ClCompile Include="..\..\Source\DemoDelay_Describe.cpp">
      <Filter>Source Files</Filter>
    </ClCompile>
    <ClCompile Include="..\..\Source\DemoDelay_Parameters.cpp">
      <Filter>Source Files</Filter>
    </ClCompile>
  </ItemGroup>
  <ItemGroup>
    <ClInclude Include="..\DemoDelayResource.h">
      <Filter>Resource Files</Filter>
    </ClInclude>
    <ClInclude Include="..\..\Source\DemoDelay_Parameters.h">
      <Filter>Source Files</Filter>
    </ClInclude>
    <ClInclude Include="..\..\..\Common\ProcessingClasses\CSimpleDelayLine.h">
      <Filter>Source Files</Filter>
    </ClInclude>
    <ClInclude Include="..\..\Source\DemoDelay_Alg.h">
      <Filter>Source Files</Filter>
    </ClInclude>
    <ClInclude Include="..\..\Source\DemoDelay_Defs.h">
      <Filter>Source Files</Filter>
    </ClInclude>
    <ClInclude Include="..\..\Source\DemoDelay_Describe.h">
      <Filter>Source Files</Filter>
    </ClInclude>
  </ItemGroup>
  <ItemGroup>
    <Library Include="..\..\..\..\Libs\Release\AAXLibrary.lib">
      <Filter>Libs</Filter>
    </Library>
    <Library Include="..\..\..\..\Libs\Debug\AAXLibrary_x64_D.lib">
      <Filter>Libs</Filter>
    </Library>
    <Library Include="..\..\..\..\Libs\Debug\AAXLibrary_D.lib">
      <Filter>Libs</Filter>
    </Library>
    <Library Include="..\..\..\..\Libs\Release\AAXLibrary_x64.lib">
      <Filter>Libs</Filter>
    </Library>
  </ItemGroup>
  <ItemGroup>
    <Filter Include="Libs">
      <UniqueIdentifier>{3a9a53e8-4f03-480e-b9e4-544bbd487db4}</UniqueIdentifier>
    </Filter>
    <Filter Include="Source Files">
      <UniqueIdentifier>{f299f9fc-3832-4626-936e-7f6b1eaa088c}</UniqueIdentifier>
    </Filter>
    <Filter Include="Resource Files">
      <UniqueIdentifier>{469d122f-e6b2-4f53-9b82-bfe88227af72}</UniqueIdentifier>
    </Filter>
  </ItemGroup>
  <ItemGroup>
    <ResourceCompile Include="..\DemoDelay.rc">
      <Filter>Resource Files</Filter>
    </ResourceCompile>
  </ItemGroup>
</Project>
