Microsoft Visual Studio Solution File, Format Version 12.00
# Visual Studio 2013
VisualStudioVersion = 12.0.40629.0
MinimumVisualStudioVersion = 10.0.40219.1
Project("{8BC9CEB8-8B4A-11D0-8D11-00A0C91BC942}") = "DemoGain_Smoothed_example", "DemoGain_Smoothed.vcxproj", "{16DA95D9-37DB-4B23-9C5B-4B9D0B443224}"
EndProject
Global
	GlobalSection(SolutionConfigurationPlatforms) = preSolution
		Debug|x64 = Debug|x64
		Release|x64 = Release|x64
	EndGlobalSection
	GlobalSection(ProjectConfigurationPlatforms) = postSolution
		{16DA95D9-37DB-4B23-9C5B-4B9D0B443224}.Debug|x64.ActiveCfg = Debug|x64
		{16DA95D9-37DB-4B23-9C5B-4B9D0B443224}.Debug|x64.Build.0 = Debug|x64
		{16DA95D9-37DB-4B23-9C5B-4B9D0B443224}.Release|x64.ActiveCfg = Release|x64
		{16DA95D9-37DB-4B23-9C5B-4B9D0B443224}.Release|x64.Build.0 = Release|x64
	EndGlobalSection
	GlobalSection(SolutionProperties) = preSolution
		HideSolutionNode = FALSE
	EndGlobalSection
	GlobalSection(ExtensibilityGlobals) = postSolution
		SolutionGuid = {BD32BE82-9A49-45EA-A03C-8F422A53B468}
	EndGlobalSection
EndGlobal
