// !$*UTF8*$!
{
	archiveVersion = 1;
	classes = {
	};
	objectVersion = 42;
	objects = {

/* Begin PBXBuildFile section */
		684037B21015258F00A04A78 /* RectiFi_Describe.cpp in Sources */ = {isa = PBXBuildFile; fileRef = 684037B11015258F00A04A78 /* RectiFi_Describe.cpp */; };
		84A7DDFB1B6BCDF20032F5F5 /* RectiFiAlgMono_Example.dll in Resources */ = {isa = PBXBuildFile; fileRef = 84A7DDF91B6BCDF20032F5F5 /* RectiFiAlgMono_Example.dll */; };
		84A7DDFC1B6BCDF20032F5F5 /* RectiFiAlgStereo_Example.dll in Resources */ = {isa = PBXBuildFile; fileRef = 84A7DDFA1B6BCDF20032F5F5 /* RectiFiAlgStereo_Example.dll */; };
		F03826771295A9B800B53F93 /* RectiFi_EffectParameters.cpp in Sources */ = {isa = PBXBuildFile; fileRef = F03826751295A9B800B53F93 /* RectiFi_EffectParameters.cpp */; };
		F07E6B2D12D4F6B40022CB3E /* libAAXLibrary_libcpp.a in Frameworks */ = {isa = PBXBuildFile; fileRef = F07E6B2B12D4F6B40022CB3E /* libAAXLibrary_libcpp.a */; };
		F0BA99CD12D7ED05006ECD06 /* AAX_Exports.cpp in Sources */ = {isa = PBXBuildFile; fileRef = F0BA99CC12D7ED05006ECD06 /* AAX_Exports.cpp */; };
		F0BE9EC61295BE45009E90F5 /* RectiFi.xml in Resources */ = {isa = PBXBuildFile; fileRef = F0BE9EC51295BE45009E90F5 /* RectiFi.xml */; };
		F1EA2B390EC853F900B4CDF2 /* RectiFi_AlgProc.cpp in Sources */ = {isa = PBXBuildFile; fileRef = F1EA2B360EC853F900B4CDF2 /* RectiFi_AlgProc.cpp */; };
/* End PBXBuildFile section */

/* Begin PBXFileReference section */
		526E007612FC5F7F00C56F39 /* CommonDebugSettings.xcconfig */ = {isa = PBXFileReference; fileEncoding = 4; lastKnownFileType = text.xcconfig; name = CommonDebugSettings.xcconfig; path = ../../../Common/Mac/CommonDebugSettings.xcconfig; sourceTree = SOURCE_ROOT; };
		526E007712FC5F7F00C56F39 /* CommonReleaseSettings.xcconfig */ = {isa = PBXFileReference; fileEncoding = 4; lastKnownFileType = text.xcconfig; name = CommonReleaseSettings.xcconfig; path = ../../../Common/Mac/CommonReleaseSettings.xcconfig; sourceTree = SOURCE_ROOT; };
		6823403109058DF200D76BA2 /* RectiFi_example.aaxplugin */ = {isa = PBXFileReference; explicitFileType = wrapper.cfbundle; includeInIndex = 0; path = RectiFi_example.aaxplugin; sourceTree = BUILT_PRODUCTS_DIR; };
		684037B01015258F00A04A78 /* RectiFi_Describe.h */ = {isa = PBXFileReference; fileEncoding = 4; lastKnownFileType = sourcecode.c.h; name = RectiFi_Describe.h; path = ../../RectiFi_Describe.h; sourceTree = SOURCE_ROOT; };
		684037B11015258F00A04A78 /* RectiFi_Describe.cpp */ = {isa = PBXFileReference; fileEncoding = 4; lastKnownFileType = sourcecode.cpp.cpp; name = RectiFi_Describe.cpp; path = ../../RectiFi_Describe.cpp; sourceTree = SOURCE_ROOT; };
		777777777777777777777811 /* RectiFi_Defs.h */ = {isa = PBXFileReference; lastKnownFileType = sourcecode.c.h; name = RectiFi_Defs.h; path = ../../RectiFi_Defs.h; sourceTree = SOURCE_ROOT; };
		777777777777777777777835 /* Info.plist */ = {isa = PBXFileReference; lastKnownFileType = text.plist.xml; path = Info.plist; sourceTree = SOURCE_ROOT; };
		8469D6991FF446B80071BFD0 /* RectiFi_UnitDisplayDecorator.h */ = {isa = PBXFileReference; fileEncoding = 4; lastKnownFileType = sourcecode.c.h; name = RectiFi_UnitDisplayDecorator.h; path = ../../RectiFi_UnitDisplayDecorator.h; sourceTree = "<group>"; };
		84A7DDF91B6BCDF20032F5F5 /* RectiFiAlgMono_Example.dll */ = {isa = PBXFileReference; lastKnownFileType = file; name = RectiFiAlgMono_Example.dll; path = ../../TI/bin/Release/RectiFiAlgMono_Example.dll; sourceTree = "<group>"; };
		84A7DDFA1B6BCDF20032F5F5 /* RectiFiAlgStereo_Example.dll */ = {isa = PBXFileReference; lastKnownFileType = file; name = RectiFiAlgStereo_Example.dll; path = ../../TI/bin/Release/RectiFiAlgStereo_Example.dll; sourceTree = "<group>"; };
		F03826751295A9B800B53F93 /* RectiFi_EffectParameters.cpp */ = {isa = PBXFileReference; fileEncoding = 4; lastKnownFileType = sourcecode.cpp.cpp; name = RectiFi_EffectParameters.cpp; path = ../../RectiFi_EffectParameters.cpp; sourceTree = SOURCE_ROOT; };
		F03826761295A9B800B53F93 /* RectiFi_EffectParameters.h */ = {isa = PBXFileReference; fileEncoding = 4; lastKnownFileType = sourcecode.c.h; name = RectiFi_EffectParameters.h; path = ../../RectiFi_EffectParameters.h; sourceTree = SOURCE_ROOT; };
		F07E6B2B12D4F6B40022CB3E /* libAAXLibrary_libcpp.a */ = {isa = PBXFileReference; lastKnownFileType = archive.ar; name = libAAXLibrary_libcpp.a; path = ../../../../Libs/Debug/libAAXLibrary_libcpp.a; sourceTree = SOURCE_ROOT; };
		F0BA99CC12D7ED05006ECD06 /* AAX_Exports.cpp */ = {isa = PBXFileReference; fileEncoding = 4; lastKnownFileType = sourcecode.cpp.cpp; name = AAX_Exports.cpp; path = ../../../../Interfaces/AAX_Exports.cpp; sourceTree = SOURCE_ROOT; };
		F0BE9EC51295BE45009E90F5 /* RectiFi.xml */ = {isa = PBXFileReference; fileEncoding = 4; lastKnownFileType = text.xml; name = RectiFi.xml; path = ../../RectiFi.xml; sourceTree = SOURCE_ROOT; };
		F1EA2B340EC853F900B4CDF2 /* RectiFi_Alg.h */ = {isa = PBXFileReference; fileEncoding = 4; lastKnownFileType = sourcecode.c.h; name = RectiFi_Alg.h; path = ../../RectiFi_Alg.h; sourceTree = SOURCE_ROOT; };
		F1EA2B360EC853F900B4CDF2 /* RectiFi_AlgProc.cpp */ = {isa = PBXFileReference; fileEncoding = 4; lastKnownFileType = sourcecode.cpp.cpp; name = RectiFi_AlgProc.cpp; path = ../../RectiFi_AlgProc.cpp; sourceTree = SOURCE_ROOT; };
/* End PBXFileReference section */

/* Begin PBXFrameworksBuildPhase section */
		68EFC1DB090090CE00E3270D /* Frameworks */ = {
			isa = PBXFrameworksBuildPhase;
			buildActionMask = 2147483647;
			files = (
				F07E6B2D12D4F6B40022CB3E /* libAAXLibrary_libcpp.a in Frameworks */,
			);
			runOnlyForDeploymentPostprocessing = 0;
		};
/* End PBXFrameworksBuildPhase section */

/* Begin PBXGroup section */
		682340630905C7CD00D76BA2 /* Products */ = {
			isa = PBXGroup;
			children = (
				6823403109058DF200D76BA2 /* RectiFi_example.aaxplugin */,
			);
			name = Products;
			sourceTree = "<group>";
		};
		682BC72210C2276E00BB25D8 /* Resources */ = {
			isa = PBXGroup;
			children = (
				777777777777777777777835 /* Info.plist */,
				F0BE9EC51295BE45009E90F5 /* RectiFi.xml */,
				84A7DDF91B6BCDF20032F5F5 /* RectiFiAlgMono_Example.dll */,
				84A7DDFA1B6BCDF20032F5F5 /* RectiFiAlgStereo_Example.dll */,
			);
			name = Resources;
			sourceTree = "<group>";
		};
		68EFC1D1090090CE00E3270D = {
			isa = PBXGroup;
			children = (
				526E007612FC5F7F00C56F39 /* CommonDebugSettings.xcconfig */,
				526E007712FC5F7F00C56F39 /* CommonReleaseSettings.xcconfig */,
				777777777777777777777788 /* RectiFi */,
				682BC72210C2276E00BB25D8 /* Resources */,
				F07E6B2912D4F6B40022CB3E /* Avid Libraries */,
				682340630905C7CD00D76BA2 /* Products */,
			);
			sourceTree = "<group>";
		};
		777777777777777777777788 /* RectiFi */ = {
			isa = PBXGroup;
			children = (
				777777777777777777777811 /* RectiFi_Defs.h */,
				684037B01015258F00A04A78 /* RectiFi_Describe.h */,
				684037B11015258F00A04A78 /* RectiFi_Describe.cpp */,
				F03826751295A9B800B53F93 /* RectiFi_EffectParameters.cpp */,
				F03826761295A9B800B53F93 /* RectiFi_EffectParameters.h */,
				8469D6991FF446B80071BFD0 /* RectiFi_UnitDisplayDecorator.h */,
				F1EA2B2E0EC8527E00B4CDF2 /* Alg */,
			);
			name = RectiFi;
			sourceTree = "<group>";
		};
		F07E6B2912D4F6B40022CB3E /* Avid Libraries */ = {
			isa = PBXGroup;
			children = (
				F0BA99CC12D7ED05006ECD06 /* AAX_Exports.cpp */,
				F07E6B2B12D4F6B40022CB3E /* libAAXLibrary_libcpp.a */,
			);
			name = "Avid Libraries";
			sourceTree = "<group>";
		};
		F1EA2B2E0EC8527E00B4CDF2 /* Alg */ = {
			isa = PBXGroup;
			children = (
				F1EA2B340EC853F900B4CDF2 /* RectiFi_Alg.h */,
				F1EA2B360EC853F900B4CDF2 /* RectiFi_AlgProc.cpp */,
			);
			name = Alg;
			sourceTree = "<group>";
		};
/* End PBXGroup section */

/* Begin PBXNativeTarget section */
		68EFC1DD090090CE00E3270D /* Recti-Fi_example */ = {
			isa = PBXNativeTarget;
			buildConfigurationList = 68EFC1E0090090CE00E3270D /* Build configuration list for PBXNativeTarget "Recti-Fi_example" */;
			buildPhases = (
				68EFC1D9090090CE00E3270D /* Sources */,
				68EFC1DB090090CE00E3270D /* Frameworks */,
				68EFC1DA090090CE00E3270D /* Resources */,
				8469D69A1FF44F350071BFD0 /* Copy Factory Presets */,
			);
			buildRules = (
			);
			dependencies = (
			);
			name = "Recti-Fi_example";
			productName = RectiFi;
			productReference = 6823403109058DF200D76BA2 /* RectiFi_example.aaxplugin */;
			productType = "com.apple.product-type.bundle";
		};
/* End PBXNativeTarget section */

/* Begin PBXProject section */
		68EFC1D3090090CE00E3270D /* Project object */ = {
			isa = PBXProject;
			attributes = {
				LastUpgradeCheck = 1250;
			};
			buildConfigurationList = 68EFC1D4090090CE00E3270D /* Build configuration list for PBXProject "RectiFi" */;
			compatibilityVersion = "Xcode 2.4";
			developmentRegion = en;
			hasScannedForEncodings = 0;
			knownRegions = (
				fr,
				en,
				Base,
				ja,
				de,
			);
			mainGroup = 68EFC1D1090090CE00E3270D;
			productRefGroup = 68EFC1D1090090CE00E3270D;
			projectDirPath = "";
			projectRoot = ..;
			targets = (
				68EFC1DD090090CE00E3270D /* Recti-Fi_example */,
			);
		};
/* End PBXProject section */

/* Begin PBXResourcesBuildPhase section */
		68EFC1DA090090CE00E3270D /* Resources */ = {
			isa = PBXResourcesBuildPhase;
			buildActionMask = 2147483647;
			files = (
				F0BE9EC61295BE45009E90F5 /* RectiFi.xml in Resources */,
				84A7DDFB1B6BCDF20032F5F5 /* RectiFiAlgMono_Example.dll in Resources */,
				84A7DDFC1B6BCDF20032F5F5 /* RectiFiAlgStereo_Example.dll in Resources */,
			);
			runOnlyForDeploymentPostprocessing = 0;
		};
/* End PBXResourcesBuildPhase section */

/* Begin PBXShellScriptBuildPhase section */
		8469D69A1FF44F350071BFD0 /* Copy Factory Presets */ = {
			isa = PBXShellScriptBuildPhase;
			buildActionMask = 2147483647;
			files = (
			);
			inputPaths = (
			);
			name = "Copy Factory Presets";
			outputPaths = (
			);
			runOnlyForDeploymentPostprocessing = 0;
			shellPath = /bin/sh;
			shellScript = "# use rsync to update only the files that have changed\nrsync -av \"../../Factory Presets\" \"${BUILT_PRODUCTS_DIR}/${CONTENTS_FOLDER_PATH}/\"";
		};
/* End PBXShellScriptBuildPhase section */

/* Begin PBXSourcesBuildPhase section */
		68EFC1D9090090CE00E3270D /* Sources */ = {
			isa = PBXSourcesBuildPhase;
			buildActionMask = 2147483647;
			files = (
				F1EA2B390EC853F900B4CDF2 /* RectiFi_AlgProc.cpp in Sources */,
				684037B21015258F00A04A78 /* RectiFi_Describe.cpp in Sources */,
				F03826771295A9B800B53F93 /* RectiFi_EffectParameters.cpp in Sources */,
				F0BA99CD12D7ED05006ECD06 /* AAX_Exports.cpp in Sources */,
			);
			runOnlyForDeploymentPostprocessing = 0;
		};
/* End PBXSourcesBuildPhase section */

/* Begin XCBuildConfiguration section */
		6823403E09058E5E00D76BA2 /* Release */ = {
			isa = XCBuildConfiguration;
			baseConfigurationReference = 526E007712FC5F7F00C56F39 /* CommonReleaseSettings.xcconfig */;
			buildSettings = {
				CLANG_CXX_LANGUAGE_STANDARD = "c++0x";
				CLANG_ENABLE_OBJC_WEAK = YES;
				FRAMEWORK_SEARCH_PATHS = "$(inherited)";
				HEADER_SEARCH_PATHS = "$(inherited)";
				LIBRARY_SEARCH_PATHS = "$(inherited)";
				OTHER_LDFLAGS = (
					"-Xlinker",
					"$(OTHER_LDFLAGS_QUOTED_FOR_TARGET_1)",
					"-Xlinker",
					1500,
				);
				OTHER_LDFLAGS_QUOTED_FOR_TARGET_1 = "\"-headerpad\"";
				PRODUCT_BUNDLE_IDENTIFIER = com.avid.aax-sdk-example.RectiFi;
				PRODUCT_NAME = RectiFi_example;
				SYMROOT = "$(SYMROOT)";
			};
			name = Release;
		};
		6823403F09058E5E00D76BA2 /* Release */ = {
			isa = XCBuildConfiguration;
			buildSettings = {
				CLANG_ANALYZER_LOCALIZABILITY_NONLOCALIZED = YES;
				CLANG_WARN_BLOCK_CAPTURE_AUTORELEASING = YES;
				CLANG_WARN_BOOL_CONVERSION = YES;
				CLANG_WARN_COMMA = YES;
				CLANG_WARN_CONSTANT_CONVERSION = YES;
				CLANG_WARN_DEPRECATED_OBJC_IMPLEMENTATIONS = YES;
				CLANG_WARN_EMPTY_BODY = YES;
				CLANG_WARN_ENUM_CONVERSION = YES;
				CLANG_WARN_INFINITE_RECURSION = YES;
				CLANG_WARN_INT_CONVERSION = YES;
				CLANG_WARN_NON_LITERAL_NULL_CONVERSION = YES;
				CLANG_WARN_OBJC_IMPLICIT_RETAIN_SELF = YES;
				CLANG_WARN_OBJC_LITERAL_CONVERSION = YES;
				CLANG_WARN_QUOTED_INCLUDE_IN_FRAMEWORK_HEADER = YES;
				CLANG_WARN_RANGE_LOOP_ANALYSIS = YES;
				CLANG_WARN_STRICT_PROTOTYPES = YES;
				CLANG_WARN_SUSPICIOUS_MOVE = YES;
				CLANG_WARN_UNREACHABLE_CODE = YES;
				CLANG_WARN__DUPLICATE_METHOD_MATCH = YES;
				ENABLE_STRICT_OBJC_MSGSEND = YES;
				GCC_NO_COMMON_BLOCKS = YES;
				GCC_WARN_64_TO_32_BIT_CONVERSION = YES;
				GCC_WARN_ABOUT_RETURN_TYPE = YES;
				GCC_WARN_UNDECLARED_SELECTOR = YES;
				GCC_WARN_UNINITIALIZED_AUTOS = YES;
				GCC_WARN_UNUSED_FUNCTION = YES;
				GCC_WARN_UNUSED_VARIABLE = YES;
				MACOSX_DEPLOYMENT_TARGET = 10.6;
				SDKROOT = /Developer/SDKs/MacOSX10.4u.sdk;
			};
			name = Release;
		};
		68EFC1D5090090CE00E3270D /* Debug */ = {
			isa = XCBuildConfiguration;
			buildSettings = {
				CLANG_ANALYZER_LOCALIZABILITY_NONLOCALIZED = YES;
				CLANG_WARN_BLOCK_CAPTURE_AUTORELEASING = YES;
				CLANG_WARN_BOOL_CONVERSION = YES;
				CLANG_WARN_COMMA = YES;
				CLANG_WARN_CONSTANT_CONVERSION = YES;
				CLANG_WARN_DEPRECATED_OBJC_IMPLEMENTATIONS = YES;
				CLANG_WARN_EMPTY_BODY = YES;
				CLANG_WARN_ENUM_CONVERSION = YES;
				CLANG_WARN_INFINITE_RECURSION = YES;
				CLANG_WARN_INT_CONVERSION = YES;
				CLANG_WARN_NON_LITERAL_NULL_CONVERSION = YES;
				CLANG_WARN_OBJC_IMPLICIT_RETAIN_SELF = YES;
				CLANG_WARN_OBJC_LITERAL_CONVERSION = YES;
				CLANG_WARN_QUOTED_INCLUDE_IN_FRAMEWORK_HEADER = YES;
				CLANG_WARN_RANGE_LOOP_ANALYSIS = YES;
				CLANG_WARN_STRICT_PROTOTYPES = YES;
				CLANG_WARN_SUSPICIOUS_MOVE = YES;
				CLANG_WARN_UNREACHABLE_CODE = YES;
				CLANG_WARN__DUPLICATE_METHOD_MATCH = YES;
				ENABLE_STRICT_OBJC_MSGSEND = YES;
				ENABLE_TESTABILITY = YES;
				GCC_NO_COMMON_BLOCKS = YES;
				GCC_WARN_64_TO_32_BIT_CONVERSION = YES;
				GCC_WARN_ABOUT_RETURN_TYPE = YES;
				GCC_WARN_UNDECLARED_SELECTOR = YES;
				GCC_WARN_UNINITIALIZED_AUTOS = YES;
				GCC_WARN_UNUSED_FUNCTION = YES;
				GCC_WARN_UNUSED_VARIABLE = YES;
				MACOSX_DEPLOYMENT_TARGET = 10.6;
				ONLY_ACTIVE_ARCH = YES;
				SDKROOT = /Developer/SDKs/MacOSX10.4u.sdk;
			};
			name = Debug;
		};
		68EFC1E1090090CE00E3270D /* Debug */ = {
			isa = XCBuildConfiguration;
			baseConfigurationReference = 526E007612FC5F7F00C56F39 /* CommonDebugSettings.xcconfig */;
			buildSettings = {
				CLANG_CXX_LANGUAGE_STANDARD = "c++0x";
				CLANG_ENABLE_OBJC_WEAK = YES;
				FRAMEWORK_SEARCH_PATHS = "$(inherited)";
				HEADER_SEARCH_PATHS = "$(inherited)";
				LIBRARY_SEARCH_PATHS = "$(inherited)";
				OTHER_LDFLAGS = "";
				PRODUCT_BUNDLE_IDENTIFIER = com.avid.aax-sdk-example.RectiFi;
				PRODUCT_NAME = RectiFi_example;
				SYMROOT = "$(SYMROOT)";
			};
			name = Debug;
		};
/* End XCBuildConfiguration section */

/* Begin XCConfigurationList section */
		68EFC1D4090090CE00E3270D /* Build configuration list for PBXProject "RectiFi" */ = {
			isa = XCConfigurationList;
			buildConfigurations = (
				68EFC1D5090090CE00E3270D /* Debug */,
				6823403F09058E5E00D76BA2 /* Release */,
			);
			defaultConfigurationIsVisible = 1;
			defaultConfigurationName = Debug;
		};
		68EFC1E0090090CE00E3270D /* Build configuration list for PBXNativeTarget "Recti-Fi_example" */ = {
			isa = XCConfigurationList;
			buildConfigurations = (
				68EFC1E1090090CE00E3270D /* Debug */,
				6823403E09058E5E00D76BA2 /* Release */,
			);
			defaultConfigurationIsVisible = 0;
			defaultConfigurationName = Debug;
		};
/* End XCConfigurationList section */
	};
	rootObject = 68EFC1D3090090CE00E3270D /* Project object */;
}
