<?xml version="1.0" encoding="utf-8"?>
<Project ToolsVersion="4.0" xmlns="http://schemas.microsoft.com/developer/msbuild/2003">
  <ItemGroup>
    <Filter Include="Source Files">
      <UniqueIdentifier>{4FC737F1-C7A5-4376-A066-2A32D752A2FF}</UniqueIdentifier>
      <Extensions>cpp;c;cxx;def;odl;idl;hpj;bat;asm;asmx</Extensions>
    </Filter>
    <Filter Include="Resource Files">
      <UniqueIdentifier>{67DA6AB6-F800-4c08-8B7A-83BB121AAD01}</UniqueIdentifier>
      <Extensions>rc;ico;cur;bmp;dlg;rc2;rct;bin;rgs;gif;jpg;jpeg;jpe;resx</Extensions>
    </Filter>
    <Filter Include="Libs">
      <UniqueIdentifier>{97bc1465-6d95-4a42-9803-5e2e67ccff2a}</UniqueIdentifier>
    </Filter>
  </ItemGroup>
  <ItemGroup>
    <ClCompile Include="..\..\Source\DemoGain_AlgProc_Burst.cpp">
      <Filter>Source Files</Filter>
    </ClCompile>
    <ClCompile Include="..\..\Source\DemoGain_AlgProc_ScatterGather.cpp">
      <Filter>Source Files</Filter>
    </ClCompile>
    <ClCompile Include="..\..\Source\DemoGain_Describe.cpp">
      <Filter>Source Files</Filter>
    </ClCompile>
    <ClCompile Include="..\..\Source\DemoGain_Parameters.cpp">
      <Filter>Source Files</Filter>
    </ClCompile>
    <ClCompile Include="..\..\..\..\Interfaces\AAX_Exports.cpp">
      <Filter>Source Files</Filter>
    </ClCompile>
  </ItemGroup>
  <ItemGroup>
    <ClInclude Include="..\..\Source\DemoGain_AlgProc_Burst.h">
      <Filter>Source Files</Filter>
    </ClInclude>
    <ClInclude Include="..\..\Source\DemoGain_AlgProc_ScatterGather.h">
      <Filter>Source Files</Filter>
    </ClInclude>
    <ClInclude Include="..\..\Source\DemoGain_Defs.h">
      <Filter>Source Files</Filter>
    </ClInclude>
    <ClInclude Include="..\..\Source\DemoGain_Describe.h">
      <Filter>Source Files</Filter>
    </ClInclude>
    <ClInclude Include="..\..\Source\DemoGain_Parameters.h">
      <Filter>Source Files</Filter>
    </ClInclude>
    <ClInclude Include="..\DemoGainResource.h">
      <Filter>Resource Files</Filter>
    </ClInclude>
  </ItemGroup>
  <ItemGroup>
    <ResourceCompile Include="..\DemoGain.rc">
      <Filter>Resource Files</Filter>
    </ResourceCompile>
  </ItemGroup>
  <ItemGroup>
    <Library Include="..\..\..\..\Libs\Release\AAXLibrary_x64.lib">
      <Filter>Libs</Filter>
    </Library>
    <Library Include="..\..\..\..\Libs\Debug\AAXLibrary_D.lib">
      <Filter>Libs</Filter>
    </Library>
    <Library Include="..\..\..\..\Libs\Debug\AAXLibrary_x64_D.lib">
      <Filter>Libs</Filter>
    </Library>
    <Library Include="..\..\..\..\Libs\Release\AAXLibrary.lib">
      <Filter>Libs</Filter>
    </Library>
  </ItemGroup>
</Project>
